// !$*UTF8*$!
{
	archiveVersion = 1;
	classes = {
	};
	objectVersion = 56;
	objects = {

/* Begin PBXBuildFile section */
		FA0C99DB2D275A2700918719 /* MainPage.swift in Sources */ = {isa = PBXBuildFile; fileRef = FA0C99DA2D275A2700918719 /* MainPage.swift */; };
		FA0C99DE2D275E0F00918719 /* MainPage.swift in Sources */ = {isa = PBXBuildFile; fileRef = FA0C99DC2D275D9E00918719 /* MainPage.swift */; };
		FA2393C82D205788004F5D53 /* Jaky je boha tyzden for watch.app in Embed Watch Content */ = {isa = PBXBuildFile; fileRef = FA26D2692D1CBA6400A29D3C /* Jaky je boha tyzden for watch.app */; settings = {ATTRIBUTES = (RemoveHeadersOnCopy, ); }; };
		FA3122032D1E0C8300D620CA /* Widget.swift in Sources */ = {isa = PBXBuildFile; fileRef = FAB08E062D1DD5EC00FA41D7 /* Widget.swift */; };
		FA3122062D1E0C8300D620CA /* AppCore in Frameworks */ = {isa = PBXBuildFile; productRef = FA3122012D1E0C8300D620CA /* AppCore */; };
		FA3122072D1E0C8300D620CA /* SwiftUI.framework in Frameworks */ = {isa = PBXBuildFile; fileRef = FAB08DED2D1CCB2A00FA41D7 /* SwiftUI.framework */; };
		FA3122082D1E0C8300D620CA /* WidgetKit.framework in Frameworks */ = {isa = PBXBuildFile; fileRef = FAB08DEB2D1CCB2A00FA41D7 /* WidgetKit.framework */; };
		FA31220A2D1E0C8300D620CA /* Assets.xcassets in Resources */ = {isa = PBXBuildFile; fileRef = FAB08E0A2D1DD5ED00FA41D7 /* Assets.xcassets */; };
		FA3122102D1E0CAC00D620CA /* Mobile Widget.appex in Embed Foundation Extensions */ = {isa = PBXBuildFile; fileRef = FA31220E2D1E0C8300D620CA /* Mobile Widget.appex */; settings = {ATTRIBUTES = (RemoveHeadersOnCopy, ); }; };
		FA5B736D2D1F7CAE006526F5 /* ConfigurationAppIntent.swift in Sources */ = {isa = PBXBuildFile; fileRef = FA5B736C2D1F7CAE006526F5 /* ConfigurationAppIntent.swift */; };
		FA5B736E2D1F7CAE006526F5 /* ConfigurationAppIntent.swift in Sources */ = {isa = PBXBuildFile; fileRef = FA5B736C2D1F7CAE006526F5 /* ConfigurationAppIntent.swift */; };
		FA5B73742D1F7CF1006526F5 /* SemesterState+Extensions.swift in Sources */ = {isa = PBXBuildFile; fileRef = FA5B73732D1F7CF1006526F5 /* SemesterState+Extensions.swift */; };
		FA5B73752D1F7CF1006526F5 /* SemesterState+Extensions.swift in Sources */ = {isa = PBXBuildFile; fileRef = FA5B73732D1F7CF1006526F5 /* SemesterState+Extensions.swift */; };
		FA5B73772D1F7D02006526F5 /* SimpleEntry.swift in Sources */ = {isa = PBXBuildFile; fileRef = FA5B73762D1F7D02006526F5 /* SimpleEntry.swift */; };
		FA5B73782D1F7D02006526F5 /* SimpleEntry.swift in Sources */ = {isa = PBXBuildFile; fileRef = FA5B73762D1F7D02006526F5 /* SimpleEntry.swift */; };
		FA5B737B2D1F7D1C006526F5 /* Provider.swift in Sources */ = {isa = PBXBuildFile; fileRef = FA5B737A2D1F7D1C006526F5 /* Provider.swift */; };
		FA5B737C2D1F7D1C006526F5 /* Provider.swift in Sources */ = {isa = PBXBuildFile; fileRef = FA5B737A2D1F7D1C006526F5 /* Provider.swift */; };
		FA5B737E2D1F7D2C006526F5 /* FallbackProvider.swift in Sources */ = {isa = PBXBuildFile; fileRef = FA5B737D2D1F7D2C006526F5 /* FallbackProvider.swift */; };
		FA5B737F2D1F7D2C006526F5 /* FallbackProvider.swift in Sources */ = {isa = PBXBuildFile; fileRef = FA5B737D2D1F7D2C006526F5 /* FallbackProvider.swift */; };
		FA5B73852D1F7D52006526F5 /* WeekWidgetEntryView.swift in Sources */ = {isa = PBXBuildFile; fileRef = FA5B73842D1F7D52006526F5 /* WeekWidgetEntryView.swift */; };
		FA5B73862D1F7D52006526F5 /* WeekWidgetEntryView.swift in Sources */ = {isa = PBXBuildFile; fileRef = FA5B73842D1F7D52006526F5 /* WeekWidgetEntryView.swift */; };
		FA5B73882D1F7D62006526F5 /* AccessoryCornerView.swift in Sources */ = {isa = PBXBuildFile; fileRef = FA5B73872D1F7D62006526F5 /* AccessoryCornerView.swift */; };
		FA5B73892D1F7D62006526F5 /* AccessoryCornerView.swift in Sources */ = {isa = PBXBuildFile; fileRef = FA5B73872D1F7D62006526F5 /* AccessoryCornerView.swift */; };
		FA5B738B2D1F7D73006526F5 /* AccessoryCircularView.swift in Sources */ = {isa = PBXBuildFile; fileRef = FA5B738A2D1F7D73006526F5 /* AccessoryCircularView.swift */; };
		FA5B738C2D1F7D73006526F5 /* AccessoryCircularView.swift in Sources */ = {isa = PBXBuildFile; fileRef = FA5B738A2D1F7D73006526F5 /* AccessoryCircularView.swift */; };
		FA5B738E2D1F7D85006526F5 /* AccessoryInlineView.swift in Sources */ = {isa = PBXBuildFile; fileRef = FA5B738D2D1F7D85006526F5 /* AccessoryInlineView.swift */; };
		FA5B738F2D1F7D85006526F5 /* AccessoryInlineView.swift in Sources */ = {isa = PBXBuildFile; fileRef = FA5B738D2D1F7D85006526F5 /* AccessoryInlineView.swift */; };
		FA5B73912D1F7D94006526F5 /* AccessoryRectangularView.swift in Sources */ = {isa = PBXBuildFile; fileRef = FA5B73902D1F7D94006526F5 /* AccessoryRectangularView.swift */; };
		FA5B73922D1F7D94006526F5 /* AccessoryRectangularView.swift in Sources */ = {isa = PBXBuildFile; fileRef = FA5B73902D1F7D94006526F5 /* AccessoryRectangularView.swift */; };
		FA5B73942D1F7DA0006526F5 /* SystemSmallView.swift in Sources */ = {isa = PBXBuildFile; fileRef = FA5B73932D1F7DA0006526F5 /* SystemSmallView.swift */; };
		FA5B73952D1F7DA0006526F5 /* SystemSmallView.swift in Sources */ = {isa = PBXBuildFile; fileRef = FA5B73932D1F7DA0006526F5 /* SystemSmallView.swift */; };
		FA5B73972D1F7DB2006526F5 /* DefaultWidgetView.swift in Sources */ = {isa = PBXBuildFile; fileRef = FA5B73962D1F7DB2006526F5 /* DefaultWidgetView.swift */; };
		FA5B73982D1F7DB2006526F5 /* DefaultWidgetView.swift in Sources */ = {isa = PBXBuildFile; fileRef = FA5B73962D1F7DB2006526F5 /* DefaultWidgetView.swift */; };
		FA848B4B2D1F8C40007340FA /* ContainerBackgroundWrapper.swift in Sources */ = {isa = PBXBuildFile; fileRef = FA848B492D1F84D3007340FA /* ContainerBackgroundWrapper.swift */; };
		FA848B4C2D1F8C48007340FA /* ContainerBackgroundWrapper.swift in Sources */ = {isa = PBXBuildFile; fileRef = FA848B492D1F84D3007340FA /* ContainerBackgroundWrapper.swift */; };
		FA90F5FA2D28BD5D00A374FA /* Assets.xcassets in Resources */ = {isa = PBXBuildFile; fileRef = FAA6125B2D1CB73E00CF3DB4 /* Assets.xcassets */; };
		FA90F5FD2D28CF5B00A374FA /* Assets.xcassets in Resources */ = {isa = PBXBuildFile; fileRef = FA26D23D2D1CB9CE00A29D3C /* Assets.xcassets */; };
		FAB08DBD2D1CBB5D00FA41D7 /* AppCore in Frameworks */ = {isa = PBXBuildFile; productRef = FAB08DBC2D1CBB5D00FA41D7 /* AppCore */; };
		FAB08DC32D1CBC4100FA41D7 /* MainPageContent.swift in Sources */ = {isa = PBXBuildFile; fileRef = FA26D23B2D1CB9CD00A29D3C /* MainPageContent.swift */; };
		FAB08DC62D1CBD7200FA41D7 /* Roboto-Bold.ttf in Resources */ = {isa = PBXBuildFile; fileRef = FAB08DC42D1CBD7200FA41D7 /* Roboto-Bold.ttf */; };
		FAB08DDA2D1CBE2400FA41D7 /* AppCore in Frameworks */ = {isa = PBXBuildFile; productRef = FAB08DD92D1CBE2400FA41D7 /* AppCore */; };
		FAB08DDD2D1CBED600FA41D7 /* Main.swift in Sources */ = {isa = PBXBuildFile; fileRef = FAA612572D1CB73D00CF3DB4 /* Main.swift */; };
		FAB08DDE2D1CBED600FA41D7 /* MainPageContent.swift in Sources */ = {isa = PBXBuildFile; fileRef = FAA612592D1CB73D00CF3DB4 /* MainPageContent.swift */; };
		FAB08DDF2D1CBEDC00FA41D7 /* Roboto-Bold.ttf in Resources */ = {isa = PBXBuildFile; fileRef = FAB08DC42D1CBD7200FA41D7 /* Roboto-Bold.ttf */; };
		FAB08DE32D1CC15900FA41D7 /* Main.swift in Sources */ = {isa = PBXBuildFile; fileRef = FAB08DE22D1CC15900FA41D7 /* Main.swift */; };
		FAB08E032D1DD5EC00FA41D7 /* WidgetKit.framework in Frameworks */ = {isa = PBXBuildFile; fileRef = FAB08DEB2D1CCB2A00FA41D7 /* WidgetKit.framework */; };
		FAB08E042D1DD5EC00FA41D7 /* SwiftUI.framework in Frameworks */ = {isa = PBXBuildFile; fileRef = FAB08DED2D1CCB2A00FA41D7 /* SwiftUI.framework */; };
		FAB08E072D1DD5EC00FA41D7 /* Widget.swift in Sources */ = {isa = PBXBuildFile; fileRef = FAB08E062D1DD5EC00FA41D7 /* Widget.swift */; };
		FAB08E0B2D1DD5ED00FA41D7 /* Assets.xcassets in Resources */ = {isa = PBXBuildFile; fileRef = FAB08E0A2D1DD5ED00FA41D7 /* Assets.xcassets */; };
		FAB08E0F2D1DD5ED00FA41D7 /* Watch Widget.appex in Embed Foundation Extensions */ = {isa = PBXBuildFile; fileRef = FAB08E022D1DD5EC00FA41D7 /* Watch Widget.appex */; settings = {ATTRIBUTES = (RemoveHeadersOnCopy, ); }; };
		FAB08E142D1DD88A00FA41D7 /* AppCore in Frameworks */ = {isa = PBXBuildFile; productRef = FAB08E132D1DD88A00FA41D7 /* AppCore */; };
		FADCD7E72D2610830048F89E /* Week.swift in Sources */ = {isa = PBXBuildFile; fileRef = FADCD7E62D2610830048F89E /* Week.swift */; };
		FADCD7EB2D2612130048F89E /* WinterBreak.swift in Sources */ = {isa = PBXBuildFile; fileRef = FADCD7EA2D2612130048F89E /* WinterBreak.swift */; };
		FADCD7EF2D2617BC0048F89E /* ExamPeriod.swift in Sources */ = {isa = PBXBuildFile; fileRef = FADCD7EE2D2617BC0048F89E /* ExamPeriod.swift */; };
		FADCD7F12D261A600048F89E /* SummerBreak.swift in Sources */ = {isa = PBXBuildFile; fileRef = FADCD7F02D261A600048F89E /* SummerBreak.swift */; };
		FADCD7F32D2623040048F89E /* DisplayNone.swift in Sources */ = {isa = PBXBuildFile; fileRef = FADCD7F22D2623040048F89E /* DisplayNone.swift */; };
		FADCD7FB2D2625730048F89E /* WinterBreak.swift in Sources */ = {isa = PBXBuildFile; fileRef = FADCD7F52D2625730048F89E /* WinterBreak.swift */; };
		FADCD7FC2D2625730048F89E /* SummerBreak.swift in Sources */ = {isa = PBXBuildFile; fileRef = FADCD7F62D2625730048F89E /* SummerBreak.swift */; };
		FADCD7FD2D2625730048F89E /* ExamPeriod.swift in Sources */ = {isa = PBXBuildFile; fileRef = FADCD7F72D2625730048F89E /* ExamPeriod.swift */; };
		FADCD7FE2D2625730048F89E /* DisplayNone.swift in Sources */ = {isa = PBXBuildFile; fileRef = FADCD7F82D2625730048F89E /* DisplayNone.swift */; };
		FADCD8002D2625730048F89E /* Week.swift in Sources */ = {isa = PBXBuildFile; fileRef = FADCD7FA2D2625730048F89E /* Week.swift */; };
/* End PBXBuildFile section */

/* Begin PBXContainerItemProxy section */
		FA2393C92D205788004F5D53 /* PBXContainerItemProxy */ = {
			isa = PBXContainerItemProxy;
			containerPortal = FA7ECA8E2D1B6F2800C23B32 /* Project object */;
			proxyType = 1;
			remoteGlobalIDString = FA26D2682D1CBA6400A29D3C;
			remoteInfo = "Watch App";
		};
		FA3122112D1E0CAC00D620CA /* PBXContainerItemProxy */ = {
			isa = PBXContainerItemProxy;
			containerPortal = FA7ECA8E2D1B6F2800C23B32 /* Project object */;
			proxyType = 1;
			remoteGlobalIDString = FA3121FF2D1E0C8300D620CA;
			remoteInfo = "WeekWidgetExtension copy";
		};
		FAB08E0D2D1DD5ED00FA41D7 /* PBXContainerItemProxy */ = {
			isa = PBXContainerItemProxy;
			containerPortal = FA7ECA8E2D1B6F2800C23B32 /* Project object */;
			proxyType = 1;
			remoteGlobalIDString = FAB08E012D1DD5EC00FA41D7;
			remoteInfo = WeekWidgetExtension;
		};
/* End PBXContainerItemProxy section */

/* Begin PBXCopyFilesBuildPhase section */
		FA2393CB2D205788004F5D53 /* Embed Watch Content */ = {
			isa = PBXCopyFilesBuildPhase;
			buildActionMask = 2147483647;
			dstPath = "$(CONTENTS_FOLDER_PATH)/Watch";
			dstSubfolderSpec = 16;
			files = (
				FA2393C82D205788004F5D53 /* Jaky je boha tyzden for watch.app in Embed Watch Content */,
			);
			name = "Embed Watch Content";
			runOnlyForDeploymentPostprocessing = 0;
		};
		FA3122132D1E0CAC00D620CA /* Embed Foundation Extensions */ = {
			isa = PBXCopyFilesBuildPhase;
			buildActionMask = 2147483647;
			dstPath = "";
			dstSubfolderSpec = 13;
			files = (
				FA3122102D1E0CAC00D620CA /* Mobile Widget.appex in Embed Foundation Extensions */,
			);
			name = "Embed Foundation Extensions";
			runOnlyForDeploymentPostprocessing = 0;
		};
		FAB08DFD2D1CCB2C00FA41D7 /* Embed Foundation Extensions */ = {
			isa = PBXCopyFilesBuildPhase;
			buildActionMask = 2147483647;
			dstPath = "";
			dstSubfolderSpec = 13;
			files = (
				FAB08E0F2D1DD5ED00FA41D7 /* Watch Widget.appex in Embed Foundation Extensions */,
			);
			name = "Embed Foundation Extensions";
			runOnlyForDeploymentPostprocessing = 0;
		};
/* End PBXCopyFilesBuildPhase section */

/* Begin PBXFileReference section */
		FA09D7322D1C9B6B00DD110E /* AppCore */ = {isa = PBXFileReference; lastKnownFileType = wrapper; path = AppCore; sourceTree = "<group>"; };
		FA09D7342D1CA34D00DD110E /* AppCoreTests.xctestplan */ = {isa = PBXFileReference; lastKnownFileType = text; name = AppCoreTests.xctestplan; path = AppCore/AppCoreTests.xctestplan; sourceTree = "<group>"; };
		FA0C99DA2D275A2700918719 /* MainPage.swift */ = {isa = PBXFileReference; lastKnownFileType = sourcecode.swift; path = MainPage.swift; sourceTree = "<group>"; };
		FA0C99DC2D275D9E00918719 /* MainPage.swift */ = {isa = PBXFileReference; fileEncoding = 4; lastKnownFileType = sourcecode.swift; path = MainPage.swift; sourceTree = "<group>"; };
		FA0E2F0B2D2C9A66004E2DED /* privacy-policy.md */ = {isa = PBXFileReference; lastKnownFileType = net.daringfireball.markdown; path = "privacy-policy.md"; sourceTree = "<group>"; };
		FA0E2F0C2D2C9E69004E2DED /* LICENSE.md */ = {isa = PBXFileReference; lastKnownFileType = net.daringfireball.markdown; path = LICENSE.md; sourceTree = "<group>"; };
		FA2393DD2D208F5F004F5D53 /* Widgets */ = {isa = PBXFileReference; lastKnownFileType = folder; path = Widgets; sourceTree = "<group>"; };
		FA26D23B2D1CB9CD00A29D3C /* MainPageContent.swift */ = {isa = PBXFileReference; lastKnownFileType = sourcecode.swift; path = MainPageContent.swift; sourceTree = "<group>"; };
		FA26D23D2D1CB9CE00A29D3C /* Assets.xcassets */ = {isa = PBXFileReference; lastKnownFileType = folder.assetcatalog; path = Assets.xcassets; sourceTree = "<group>"; };
		FA26D2402D1CB9CE00A29D3C /* Preview Assets.xcassets */ = {isa = PBXFileReference; lastKnownFileType = folder.assetcatalog; path = "Preview Assets.xcassets"; sourceTree = "<group>"; };
		FA26D2692D1CBA6400A29D3C /* Jaky je boha tyzden for watch.app */ = {isa = PBXFileReference; explicitFileType = wrapper.application; includeInIndex = 0; path = "Jaky je boha tyzden for watch.app"; sourceTree = BUILT_PRODUCTS_DIR; };
		FA31220E2D1E0C8300D620CA /* Mobile Widget.appex */ = {isa = PBXFileReference; explicitFileType = "wrapper.app-extension"; includeInIndex = 0; path = "Mobile Widget.appex"; sourceTree = BUILT_PRODUCTS_DIR; };
		FA5B736C2D1F7CAE006526F5 /* ConfigurationAppIntent.swift */ = {isa = PBXFileReference; lastKnownFileType = sourcecode.swift; path = ConfigurationAppIntent.swift; sourceTree = "<group>"; };
		FA5B73732D1F7CF1006526F5 /* SemesterState+Extensions.swift */ = {isa = PBXFileReference; lastKnownFileType = sourcecode.swift; path = "SemesterState+Extensions.swift"; sourceTree = "<group>"; };
		FA5B73762D1F7D02006526F5 /* SimpleEntry.swift */ = {isa = PBXFileReference; lastKnownFileType = sourcecode.swift; path = SimpleEntry.swift; sourceTree = "<group>"; };
		FA5B737A2D1F7D1C006526F5 /* Provider.swift */ = {isa = PBXFileReference; lastKnownFileType = sourcecode.swift; path = Provider.swift; sourceTree = "<group>"; };
		FA5B737D2D1F7D2C006526F5 /* FallbackProvider.swift */ = {isa = PBXFileReference; lastKnownFileType = sourcecode.swift; path = FallbackProvider.swift; sourceTree = "<group>"; };
		FA5B73842D1F7D52006526F5 /* WeekWidgetEntryView.swift */ = {isa = PBXFileReference; lastKnownFileType = sourcecode.swift; path = WeekWidgetEntryView.swift; sourceTree = "<group>"; };
		FA5B73872D1F7D62006526F5 /* AccessoryCornerView.swift */ = {isa = PBXFileReference; lastKnownFileType = sourcecode.swift; path = AccessoryCornerView.swift; sourceTree = "<group>"; };
		FA5B738A2D1F7D73006526F5 /* AccessoryCircularView.swift */ = {isa = PBXFileReference; lastKnownFileType = sourcecode.swift; path = AccessoryCircularView.swift; sourceTree = "<group>"; };
		FA5B738D2D1F7D85006526F5 /* AccessoryInlineView.swift */ = {isa = PBXFileReference; lastKnownFileType = sourcecode.swift; path = AccessoryInlineView.swift; sourceTree = "<group>"; };
		FA5B73902D1F7D94006526F5 /* AccessoryRectangularView.swift */ = {isa = PBXFileReference; lastKnownFileType = sourcecode.swift; path = AccessoryRectangularView.swift; sourceTree = "<group>"; };
		FA5B73932D1F7DA0006526F5 /* SystemSmallView.swift */ = {isa = PBXFileReference; lastKnownFileType = sourcecode.swift; path = SystemSmallView.swift; sourceTree = "<group>"; };
		FA5B73962D1F7DB2006526F5 /* DefaultWidgetView.swift */ = {isa = PBXFileReference; lastKnownFileType = sourcecode.swift; path = DefaultWidgetView.swift; sourceTree = "<group>"; };
		FA848B492D1F84D3007340FA /* ContainerBackgroundWrapper.swift */ = {isa = PBXFileReference; lastKnownFileType = sourcecode.swift; path = ContainerBackgroundWrapper.swift; sourceTree = "<group>"; };
		FA87ADB72D1E3F7A00F4A097 /* Info.plist */ = {isa = PBXFileReference; fileEncoding = 4; lastKnownFileType = text.plist.xml; path = Info.plist; sourceTree = "<group>"; };
		FAA612572D1CB73D00CF3DB4 /* Main.swift */ = {isa = PBXFileReference; lastKnownFileType = sourcecode.swift; path = Main.swift; sourceTree = "<group>"; };
		FAA612592D1CB73D00CF3DB4 /* MainPageContent.swift */ = {isa = PBXFileReference; lastKnownFileType = sourcecode.swift; path = MainPageContent.swift; sourceTree = "<group>"; };
		FAA6125B2D1CB73E00CF3DB4 /* Assets.xcassets */ = {isa = PBXFileReference; lastKnownFileType = folder.assetcatalog; path = Assets.xcassets; sourceTree = "<group>"; };
		FAA6125E2D1CB73E00CF3DB4 /* Preview Assets.xcassets */ = {isa = PBXFileReference; lastKnownFileType = folder.assetcatalog; path = "Preview Assets.xcassets"; sourceTree = "<group>"; };
		FAB08DC42D1CBD7200FA41D7 /* Roboto-Bold.ttf */ = {isa = PBXFileReference; lastKnownFileType = file; path = "Roboto-Bold.ttf"; sourceTree = "<group>"; };
		FAB08DCB2D1CBE1400FA41D7 /* Jaky je boha tyzden.app */ = {isa = PBXFileReference; explicitFileType = wrapper.application; includeInIndex = 0; path = "Jaky je boha tyzden.app"; sourceTree = BUILT_PRODUCTS_DIR; };
		FAB08DE02D1CBF4C00FA41D7 /* Info.plist */ = {isa = PBXFileReference; lastKnownFileType = text.plist; path = Info.plist; sourceTree = "<group>"; };
		FAB08DE22D1CC15900FA41D7 /* Main.swift */ = {isa = PBXFileReference; fileEncoding = 4; lastKnownFileType = sourcecode.swift; path = Main.swift; sourceTree = "<group>"; };
		FAB08DEB2D1CCB2A00FA41D7 /* WidgetKit.framework */ = {isa = PBXFileReference; lastKnownFileType = wrapper.framework; name = WidgetKit.framework; path = System/Library/Frameworks/WidgetKit.framework; sourceTree = SDKROOT; };
		FAB08DED2D1CCB2A00FA41D7 /* SwiftUI.framework */ = {isa = PBXFileReference; lastKnownFileType = wrapper.framework; name = SwiftUI.framework; path = System/Library/Frameworks/SwiftUI.framework; sourceTree = SDKROOT; };
		FAB08E022D1DD5EC00FA41D7 /* Watch Widget.appex */ = {isa = PBXFileReference; explicitFileType = "wrapper.app-extension"; includeInIndex = 0; path = "Watch Widget.appex"; sourceTree = BUILT_PRODUCTS_DIR; };
		FAB08E062D1DD5EC00FA41D7 /* Widget.swift */ = {isa = PBXFileReference; lastKnownFileType = sourcecode.swift; path = Widget.swift; sourceTree = "<group>"; };
		FAB08E0A2D1DD5ED00FA41D7 /* Assets.xcassets */ = {isa = PBXFileReference; lastKnownFileType = folder.assetcatalog; path = Assets.xcassets; sourceTree = "<group>"; };
		FAB08E0C2D1DD5ED00FA41D7 /* Info.plist */ = {isa = PBXFileReference; lastKnownFileType = text.plist.xml; path = Info.plist; sourceTree = "<group>"; };
		FACEACB62D20DF81001EB8B3 /* README.md */ = {isa = PBXFileReference; lastKnownFileType = net.daringfireball.markdown; path = README.md; sourceTree = "<group>"; };
		FADCD7E62D2610830048F89E /* Week.swift */ = {isa = PBXFileReference; lastKnownFileType = sourcecode.swift; path = Week.swift; sourceTree = "<group>"; };
		FADCD7EA2D2612130048F89E /* WinterBreak.swift */ = {isa = PBXFileReference; lastKnownFileType = sourcecode.swift; path = WinterBreak.swift; sourceTree = "<group>"; };
		FADCD7EE2D2617BC0048F89E /* ExamPeriod.swift */ = {isa = PBXFileReference; lastKnownFileType = sourcecode.swift; path = ExamPeriod.swift; sourceTree = "<group>"; };
		FADCD7F02D261A600048F89E /* SummerBreak.swift */ = {isa = PBXFileReference; lastKnownFileType = sourcecode.swift; path = SummerBreak.swift; sourceTree = "<group>"; };
		FADCD7F22D2623040048F89E /* DisplayNone.swift */ = {isa = PBXFileReference; lastKnownFileType = sourcecode.swift; path = DisplayNone.swift; sourceTree = "<group>"; };
		FADCD7F52D2625730048F89E /* WinterBreak.swift */ = {isa = PBXFileReference; fileEncoding = 4; lastKnownFileType = sourcecode.swift; path = WinterBreak.swift; sourceTree = "<group>"; };
		FADCD7F62D2625730048F89E /* SummerBreak.swift */ = {isa = PBXFileReference; fileEncoding = 4; lastKnownFileType = sourcecode.swift; path = SummerBreak.swift; sourceTree = "<group>"; };
		FADCD7F72D2625730048F89E /* ExamPeriod.swift */ = {isa = PBXFileReference; fileEncoding = 4; lastKnownFileType = sourcecode.swift; path = ExamPeriod.swift; sourceTree = "<group>"; };
		FADCD7F82D2625730048F89E /* DisplayNone.swift */ = {isa = PBXFileReference; fileEncoding = 4; lastKnownFileType = sourcecode.swift; path = DisplayNone.swift; sourceTree = "<group>"; };
		FADCD7FA2D2625730048F89E /* Week.swift */ = {isa = PBXFileReference; fileEncoding = 4; lastKnownFileType = sourcecode.swift; path = Week.swift; sourceTree = "<group>"; };
/* End PBXFileReference section */

/* Begin PBXFrameworksBuildPhase section */
		FA26D2662D1CBA6400A29D3C /* Frameworks */ = {
			isa = PBXFrameworksBuildPhase;
			buildActionMask = 2147483647;
			files = (
				FAB08DBD2D1CBB5D00FA41D7 /* AppCore in Frameworks */,
			);
			runOnlyForDeploymentPostprocessing = 0;
		};
		FA3122052D1E0C8300D620CA /* Frameworks */ = {
			isa = PBXFrameworksBuildPhase;
			buildActionMask = 2147483647;
			files = (
				FA3122062D1E0C8300D620CA /* AppCore in Frameworks */,
				FA3122072D1E0C8300D620CA /* SwiftUI.framework in Frameworks */,
				FA3122082D1E0C8300D620CA /* WidgetKit.framework in Frameworks */,
			);
			runOnlyForDeploymentPostprocessing = 0;
		};
		FAB08DC82D1CBE1400FA41D7 /* Frameworks */ = {
			isa = PBXFrameworksBuildPhase;
			buildActionMask = 2147483647;
			files = (
				FAB08DDA2D1CBE2400FA41D7 /* AppCore in Frameworks */,
			);
			runOnlyForDeploymentPostprocessing = 0;
		};
		FAB08DFF2D1DD5EC00FA41D7 /* Frameworks */ = {
			isa = PBXFrameworksBuildPhase;
			buildActionMask = 2147483647;
			files = (
				FAB08E142D1DD88A00FA41D7 /* AppCore in Frameworks */,
				FAB08E042D1DD5EC00FA41D7 /* SwiftUI.framework in Frameworks */,
				FAB08E032D1DD5EC00FA41D7 /* WidgetKit.framework in Frameworks */,
			);
			runOnlyForDeploymentPostprocessing = 0;
		};
/* End PBXFrameworksBuildPhase section */

/* Begin PBXGroup section */
		FA26D2382D1CB9CD00A29D3C /* WatchApp */ = {
			isa = PBXGroup;
			children = (
				FADCD7F42D2625730048F89E /* Views */,
				FA87ADB72D1E3F7A00F4A097 /* Info.plist */,
				FAB08DE22D1CC15900FA41D7 /* Main.swift */,
				FA26D23D2D1CB9CE00A29D3C /* Assets.xcassets */,
				FA26D23F2D1CB9CE00A29D3C /* Preview Content */,
			);
			path = WatchApp;
			sourceTree = "<group>";
		};
		FA26D23F2D1CB9CE00A29D3C /* Preview Content */ = {
			isa = PBXGroup;
			children = (
				FA26D2402D1CB9CE00A29D3C /* Preview Assets.xcassets */,
			);
			path = "Preview Content";
			sourceTree = "<group>";
		};
		FA5B736B2D1F7C7E006526F5 /* AppIntent */ = {
			isa = PBXGroup;
			children = (
				FA5B736C2D1F7CAE006526F5 /* ConfigurationAppIntent.swift */,
			);
			path = AppIntent;
			sourceTree = "<group>";
		};
		FA5B736F2D1F7CD6006526F5 /* Models */ = {
			isa = PBXGroup;
			children = (
				FA5B73732D1F7CF1006526F5 /* SemesterState+Extensions.swift */,
				FA5B73762D1F7D02006526F5 /* SimpleEntry.swift */,
			);
			path = Models;
			sourceTree = "<group>";
		};
		FA5B73792D1F7D13006526F5 /* Providers */ = {
			isa = PBXGroup;
			children = (
				FA5B737A2D1F7D1C006526F5 /* Provider.swift */,
				FA5B737D2D1F7D2C006526F5 /* FallbackProvider.swift */,
			);
			path = Providers;
			sourceTree = "<group>";
		};
		FA5B73832D1F7D47006526F5 /* Views */ = {
			isa = PBXGroup;
			children = (
				FA848B492D1F84D3007340FA /* ContainerBackgroundWrapper.swift */,
				FA5B73842D1F7D52006526F5 /* WeekWidgetEntryView.swift */,
				FA5B73872D1F7D62006526F5 /* AccessoryCornerView.swift */,
				FA5B738A2D1F7D73006526F5 /* AccessoryCircularView.swift */,
				FA5B738D2D1F7D85006526F5 /* AccessoryInlineView.swift */,
				FA5B73902D1F7D94006526F5 /* AccessoryRectangularView.swift */,
				FA5B73932D1F7DA0006526F5 /* SystemSmallView.swift */,
				FA5B73962D1F7DB2006526F5 /* DefaultWidgetView.swift */,
			);
			path = Views;
			sourceTree = "<group>";
		};
		FA7ECA8D2D1B6F2800C23B32 = {
			isa = PBXGroup;
			children = (
				FA0E2F0C2D2C9E69004E2DED /* LICENSE.md */,
				FA0E2F0B2D2C9A66004E2DED /* privacy-policy.md */,
				FA90F5F92D27923700A374FA /* Resources */,
				FACEACB62D20DF81001EB8B3 /* README.md */,
				FA09D7342D1CA34D00DD110E /* AppCoreTests.xctestplan */,
				FA09D7322D1C9B6B00DD110E /* AppCore */,
				FAA612562D1CB73D00CF3DB4 /* MobileApp */,
				FA26D2382D1CB9CD00A29D3C /* WatchApp */,
				FAB08E052D1DD5EC00FA41D7 /* Widgets */,
				FA7ECA972D1B6F2800C23B32 /* Products */,
				FA7ECB332D1C5D8C00C23B32 /* Frameworks */,
			);
			sourceTree = "<group>";
		};
		FA7ECA972D1B6F2800C23B32 /* Products */ = {
			isa = PBXGroup;
			children = (
				FA26D2692D1CBA6400A29D3C /* Jaky je boha tyzden for watch.app */,
				FAB08DCB2D1CBE1400FA41D7 /* Jaky je boha tyzden.app */,
				FAB08E022D1DD5EC00FA41D7 /* Watch Widget.appex */,
				FA31220E2D1E0C8300D620CA /* Mobile Widget.appex */,
			);
			name = Products;
			sourceTree = "<group>";
		};
		FA7ECB332D1C5D8C00C23B32 /* Frameworks */ = {
			isa = PBXGroup;
			children = (
				FA2393DD2D208F5F004F5D53 /* Widgets */,
				FAB08DEB2D1CCB2A00FA41D7 /* WidgetKit.framework */,
				FAB08DED2D1CCB2A00FA41D7 /* SwiftUI.framework */,
			);
			name = Frameworks;
			sourceTree = "<group>";
		};
		FA90F5F92D27923700A374FA /* Resources */ = {
			isa = PBXGroup;
			children = (
				FAB08DC42D1CBD7200FA41D7 /* Roboto-Bold.ttf */,
			);
			path = Resources;
			sourceTree = "<group>";
		};
		FAA612562D1CB73D00CF3DB4 /* MobileApp */ = {
			isa = PBXGroup;
			children = (
				FADCD7E32D2610560048F89E /* Views */,
				FAB08DE02D1CBF4C00FA41D7 /* Info.plist */,
				FAA612572D1CB73D00CF3DB4 /* Main.swift */,
				FAA6125B2D1CB73E00CF3DB4 /* Assets.xcassets */,
				FAA6125D2D1CB73E00CF3DB4 /* Preview Content */,
			);
			path = MobileApp;
			sourceTree = "<group>";
		};
		FAA6125D2D1CB73E00CF3DB4 /* Preview Content */ = {
			isa = PBXGroup;
			children = (
				FAA6125E2D1CB73E00CF3DB4 /* Preview Assets.xcassets */,
			);
			path = "Preview Content";
			sourceTree = "<group>";
		};
		FAB08E052D1DD5EC00FA41D7 /* Widgets */ = {
			isa = PBXGroup;
			children = (
				FA5B73832D1F7D47006526F5 /* Views */,
				FA5B73792D1F7D13006526F5 /* Providers */,
				FA5B736F2D1F7CD6006526F5 /* Models */,
				FA5B736B2D1F7C7E006526F5 /* AppIntent */,
				FAB08E062D1DD5EC00FA41D7 /* Widget.swift */,
				FAB08E0A2D1DD5ED00FA41D7 /* Assets.xcassets */,
				FAB08E0C2D1DD5ED00FA41D7 /* Info.plist */,
			);
			path = Widgets;
			sourceTree = "<group>";
		};
		FADCD7E32D2610560048F89E /* Views */ = {
			isa = PBXGroup;
			children = (
				FADCD7E62D2610830048F89E /* Week.swift */,
				FADCD7EA2D2612130048F89E /* WinterBreak.swift */,
				FADCD7EE2D2617BC0048F89E /* ExamPeriod.swift */,
				FADCD7F02D261A600048F89E /* SummerBreak.swift */,
				FADCD7F22D2623040048F89E /* DisplayNone.swift */,
				FAA612592D1CB73D00CF3DB4 /* MainPageContent.swift */,
				FA0C99DA2D275A2700918719 /* MainPage.swift */,
			);
			path = Views;
			sourceTree = "<group>";
		};
		FADCD7F42D2625730048F89E /* Views */ = {
			isa = PBXGroup;
			children = (
				FA0C99DC2D275D9E00918719 /* MainPage.swift */,
				FADCD7F52D2625730048F89E /* WinterBreak.swift */,
				FADCD7F62D2625730048F89E /* SummerBreak.swift */,
				FADCD7F72D2625730048F89E /* ExamPeriod.swift */,
				FADCD7F82D2625730048F89E /* DisplayNone.swift */,
				FADCD7FA2D2625730048F89E /* Week.swift */,
				FA26D23B2D1CB9CD00A29D3C /* MainPageContent.swift */,
			);
			path = Views;
			sourceTree = "<group>";
		};
/* End PBXGroup section */

/* Begin PBXNativeTarget section */
		FA26D2682D1CBA6400A29D3C /* Jaky je boha tyzden for watch */ = {
			isa = PBXNativeTarget;
			buildConfigurationList = FA26D2772D1CBA6500A29D3C /* Build configuration list for PBXNativeTarget "Jaky je boha tyzden for watch" */;
			buildPhases = (
				FA26D2652D1CBA6400A29D3C /* Sources */,
				FA26D2662D1CBA6400A29D3C /* Frameworks */,
				FA26D2672D1CBA6400A29D3C /* Resources */,
				FAB08DFD2D1CCB2C00FA41D7 /* Embed Foundation Extensions */,
			);
			buildRules = (
			);
			dependencies = (
				FAB08DBF2D1CBB6300FA41D7 /* PBXTargetDependency */,
				FAB08E0E2D1DD5ED00FA41D7 /* PBXTargetDependency */,
			);
			name = "Jaky je boha tyzden for watch";
			packageProductDependencies = (
				FAB08DBC2D1CBB5D00FA41D7 /* AppCore */,
			);
			productName = "WearableWhatWeekOnTUKE Watch App";
			productReference = FA26D2692D1CBA6400A29D3C /* Jaky je boha tyzden for watch.app */;
			productType = "com.apple.product-type.application";
		};
		FA3121FF2D1E0C8300D620CA /* Mobile Widget */ = {
			isa = PBXNativeTarget;
			buildConfigurationList = FA31220B2D1E0C8300D620CA /* Build configuration list for PBXNativeTarget "Mobile Widget" */;
			buildPhases = (
				FA3122022D1E0C8300D620CA /* Sources */,
				FA3122052D1E0C8300D620CA /* Frameworks */,
				FA3122092D1E0C8300D620CA /* Resources */,
			);
			buildRules = (
			);
			dependencies = (
				FA3122002D1E0C8300D620CA /* PBXTargetDependency */,
			);
			name = "Mobile Widget";
			packageProductDependencies = (
				FA3122012D1E0C8300D620CA /* AppCore */,
			);
			productName = WeekWidgetExtension;
			productReference = FA31220E2D1E0C8300D620CA /* Mobile Widget.appex */;
			productType = "com.apple.product-type.app-extension";
		};
		FAB08DCA2D1CBE1400FA41D7 /* Jaky je boha tyzden */ = {
			isa = PBXNativeTarget;
			buildConfigurationList = FAB08DD62D1CBE1600FA41D7 /* Build configuration list for PBXNativeTarget "Jaky je boha tyzden" */;
			buildPhases = (
				FAB08DC72D1CBE1400FA41D7 /* Sources */,
				FAB08DC82D1CBE1400FA41D7 /* Frameworks */,
				FAB08DC92D1CBE1400FA41D7 /* Resources */,
				FA3122132D1E0CAC00D620CA /* Embed Foundation Extensions */,
				FA2393CB2D205788004F5D53 /* Embed Watch Content */,
			);
			buildRules = (
			);
			dependencies = (
				FAB08DDC2D1CBE2900FA41D7 /* PBXTargetDependency */,
				FA3122122D1E0CAC00D620CA /* PBXTargetDependency */,
				FA2393CA2D205788004F5D53 /* PBXTargetDependency */,
			);
			name = "Jaky je boha tyzden";
			packageProductDependencies = (
				FAB08DD92D1CBE2400FA41D7 /* AppCore */,
			);
			productName = WhatWeekOnTUKE;
			productReference = FAB08DCB2D1CBE1400FA41D7 /* Jaky je boha tyzden.app */;
			productType = "com.apple.product-type.application";
		};
		FAB08E012D1DD5EC00FA41D7 /* Watch Widget */ = {
			isa = PBXNativeTarget;
			buildConfigurationList = FAB08E102D1DD5EE00FA41D7 /* Build configuration list for PBXNativeTarget "Watch Widget" */;
			buildPhases = (
				FAB08DFE2D1DD5EC00FA41D7 /* Sources */,
				FAB08DFF2D1DD5EC00FA41D7 /* Frameworks */,
				FAB08E002D1DD5EC00FA41D7 /* Resources */,
			);
			buildRules = (
			);
			dependencies = (
				FA3122152D1E3A4700D620CA /* PBXTargetDependency */,
			);
			name = "Watch Widget";
			packageProductDependencies = (
				FAB08E132D1DD88A00FA41D7 /* AppCore */,
			);
			productName = WeekWidgetExtension;
			productReference = FAB08E022D1DD5EC00FA41D7 /* Watch Widget.appex */;
			productType = "com.apple.product-type.app-extension";
		};
/* End PBXNativeTarget section */

/* Begin PBXProject section */
		FA7ECA8E2D1B6F2800C23B32 /* Project object */ = {
			isa = PBXProject;
			attributes = {
				BuildIndependentTargetsInParallel = 1;
				LastSwiftUpdateCheck = 1500;
				LastUpgradeCheck = 1500;
				TargetAttributes = {
					FA26D2682D1CBA6400A29D3C = {
						CreatedOnToolsVersion = 15.0;
					};
					FAB08DCA2D1CBE1400FA41D7 = {
						CreatedOnToolsVersion = 15.0;
					};
					FAB08E012D1DD5EC00FA41D7 = {
						CreatedOnToolsVersion = 15.0;
					};
				};
			};
			buildConfigurationList = FA7ECA912D1B6F2800C23B32 /* Build configuration list for PBXProject "WhatWeek" */;
			compatibilityVersion = "Xcode 14.0";
			developmentRegion = en;
			hasScannedForEncodings = 0;
			knownRegions = (
				en,
				Base,
			);
			mainGroup = FA7ECA8D2D1B6F2800C23B32;
			productRefGroup = FA7ECA972D1B6F2800C23B32 /* Products */;
			projectDirPath = "";
			projectRoot = "";
			targets = (
				FAB08DCA2D1CBE1400FA41D7 /* Jaky je boha tyzden */,
				FA26D2682D1CBA6400A29D3C /* Jaky je boha tyzden for watch */,
				FAB08E012D1DD5EC00FA41D7 /* Watch Widget */,
				FA3121FF2D1E0C8300D620CA /* Mobile Widget */,
			);
		};
/* End PBXProject section */

/* Begin PBXResourcesBuildPhase section */
		FA26D2672D1CBA6400A29D3C /* Resources */ = {
			isa = PBXResourcesBuildPhase;
			buildActionMask = 2147483647;
			files = (
				FA90F5FD2D28CF5B00A374FA /* Assets.xcassets in Resources */,
				FAB08DC62D1CBD7200FA41D7 /* Roboto-Bold.ttf in Resources */,
			);
			runOnlyForDeploymentPostprocessing = 0;
		};
		FA3122092D1E0C8300D620CA /* Resources */ = {
			isa = PBXResourcesBuildPhase;
			buildActionMask = 2147483647;
			files = (
				FA31220A2D1E0C8300D620CA /* Assets.xcassets in Resources */,
			);
			runOnlyForDeploymentPostprocessing = 0;
		};
		FAB08DC92D1CBE1400FA41D7 /* Resources */ = {
			isa = PBXResourcesBuildPhase;
			buildActionMask = 2147483647;
			files = (
				FA90F5FA2D28BD5D00A374FA /* Assets.xcassets in Resources */,
				FAB08DDF2D1CBEDC00FA41D7 /* Roboto-Bold.ttf in Resources */,
			);
			runOnlyForDeploymentPostprocessing = 0;
		};
		FAB08E002D1DD5EC00FA41D7 /* Resources */ = {
			isa = PBXResourcesBuildPhase;
			buildActionMask = 2147483647;
			files = (
				FAB08E0B2D1DD5ED00FA41D7 /* Assets.xcassets in Resources */,
			);
			runOnlyForDeploymentPostprocessing = 0;
		};
/* End PBXResourcesBuildPhase section */

/* Begin PBXSourcesBuildPhase section */
		FA26D2652D1CBA6400A29D3C /* Sources */ = {
			isa = PBXSourcesBuildPhase;
			buildActionMask = 2147483647;
			files = (
				FA0C99DE2D275E0F00918719 /* MainPage.swift in Sources */,
				FAB08DE32D1CC15900FA41D7 /* Main.swift in Sources */,
				FADCD7FE2D2625730048F89E /* DisplayNone.swift in Sources */,
				FADCD7FD2D2625730048F89E /* ExamPeriod.swift in Sources */,
				FAB08DC32D1CBC4100FA41D7 /* MainPageContent.swift in Sources */,
				FADCD7FC2D2625730048F89E /* SummerBreak.swift in Sources */,
				FADCD8002D2625730048F89E /* Week.swift in Sources */,
				FADCD7FB2D2625730048F89E /* WinterBreak.swift in Sources */,
			);
			runOnlyForDeploymentPostprocessing = 0;
		};
		FA3122022D1E0C8300D620CA /* Sources */ = {
			isa = PBXSourcesBuildPhase;
			buildActionMask = 2147483647;
			files = (
				FA848B4C2D1F8C48007340FA /* ContainerBackgroundWrapper.swift in Sources */,
				FA5B73922D1F7D94006526F5 /* AccessoryRectangularView.swift in Sources */,
				FA3122032D1E0C8300D620CA /* Widget.swift in Sources */,
				FA5B73862D1F7D52006526F5 /* WeekWidgetEntryView.swift in Sources */,
				FA5B736E2D1F7CAE006526F5 /* ConfigurationAppIntent.swift in Sources */,
				FA5B738F2D1F7D85006526F5 /* AccessoryInlineView.swift in Sources */,
				FA5B737F2D1F7D2C006526F5 /* FallbackProvider.swift in Sources */,
				FA5B73782D1F7D02006526F5 /* SimpleEntry.swift in Sources */,
				FA5B73892D1F7D62006526F5 /* AccessoryCornerView.swift in Sources */,
				FA5B737C2D1F7D1C006526F5 /* Provider.swift in Sources */,
				FA5B73982D1F7DB2006526F5 /* DefaultWidgetView.swift in Sources */,
				FA5B738C2D1F7D73006526F5 /* AccessoryCircularView.swift in Sources */,
				FA5B73952D1F7DA0006526F5 /* SystemSmallView.swift in Sources */,
				FA5B73752D1F7CF1006526F5 /* SemesterState+Extensions.swift in Sources */,
			);
			runOnlyForDeploymentPostprocessing = 0;
		};
		FAB08DC72D1CBE1400FA41D7 /* Sources */ = {
			isa = PBXSourcesBuildPhase;
			buildActionMask = 2147483647;
			files = (
				FADCD7E72D2610830048F89E /* Week.swift in Sources */,
				FADCD7F12D261A600048F89E /* SummerBreak.swift in Sources */,
				FA0C99DB2D275A2700918719 /* MainPage.swift in Sources */,
				FADCD7F32D2623040048F89E /* DisplayNone.swift in Sources */,
				FAB08DDD2D1CBED600FA41D7 /* Main.swift in Sources */,
				FAB08DDE2D1CBED600FA41D7 /* MainPageContent.swift in Sources */,
				FADCD7EF2D2617BC0048F89E /* ExamPeriod.swift in Sources */,
				FADCD7EB2D2612130048F89E /* WinterBreak.swift in Sources */,
			);
			runOnlyForDeploymentPostprocessing = 0;
		};
		FAB08DFE2D1DD5EC00FA41D7 /* Sources */ = {
			isa = PBXSourcesBuildPhase;
			buildActionMask = 2147483647;
			files = (
				FA848B4B2D1F8C40007340FA /* ContainerBackgroundWrapper.swift in Sources */,
				FA5B73912D1F7D94006526F5 /* AccessoryRectangularView.swift in Sources */,
				FAB08E072D1DD5EC00FA41D7 /* Widget.swift in Sources */,
				FA5B73852D1F7D52006526F5 /* WeekWidgetEntryView.swift in Sources */,
				FA5B736D2D1F7CAE006526F5 /* ConfigurationAppIntent.swift in Sources */,
				FA5B738E2D1F7D85006526F5 /* AccessoryInlineView.swift in Sources */,
				FA5B737E2D1F7D2C006526F5 /* FallbackProvider.swift in Sources */,
				FA5B73772D1F7D02006526F5 /* SimpleEntry.swift in Sources */,
				FA5B73882D1F7D62006526F5 /* AccessoryCornerView.swift in Sources */,
				FA5B737B2D1F7D1C006526F5 /* Provider.swift in Sources */,
				FA5B73972D1F7DB2006526F5 /* DefaultWidgetView.swift in Sources */,
				FA5B738B2D1F7D73006526F5 /* AccessoryCircularView.swift in Sources */,
				FA5B73942D1F7DA0006526F5 /* SystemSmallView.swift in Sources */,
				FA5B73742D1F7CF1006526F5 /* SemesterState+Extensions.swift in Sources */,
			);
			runOnlyForDeploymentPostprocessing = 0;
		};
/* End PBXSourcesBuildPhase section */

/* Begin PBXTargetDependency section */
		FA2393CA2D205788004F5D53 /* PBXTargetDependency */ = {
			isa = PBXTargetDependency;
			target = FA26D2682D1CBA6400A29D3C /* Jaky je boha tyzden for watch */;
			targetProxy = FA2393C92D205788004F5D53 /* PBXContainerItemProxy */;
		};
		FA3122002D1E0C8300D620CA /* PBXTargetDependency */ = {
			isa = PBXTargetDependency;
			productRef = FAB08E152D1DD88F00FA41D7 /* AppCore */;
		};
		FA3122122D1E0CAC00D620CA /* PBXTargetDependency */ = {
			isa = PBXTargetDependency;
			target = FA3121FF2D1E0C8300D620CA /* Mobile Widget */;
			targetProxy = FA3122112D1E0CAC00D620CA /* PBXContainerItemProxy */;
		};
		FA3122152D1E3A4700D620CA /* PBXTargetDependency */ = {
			isa = PBXTargetDependency;
			productRef = FA3122142D1E3A4700D620CA /* AppCore */;
		};
		FAB08DBF2D1CBB6300FA41D7 /* PBXTargetDependency */ = {
			isa = PBXTargetDependency;
			productRef = FAB08DBE2D1CBB6300FA41D7 /* AppCore */;
		};
		FAB08DDC2D1CBE2900FA41D7 /* PBXTargetDependency */ = {
			isa = PBXTargetDependency;
			productRef = FAB08DDB2D1CBE2900FA41D7 /* AppCore */;
		};
		FAB08E0E2D1DD5ED00FA41D7 /* PBXTargetDependency */ = {
			isa = PBXTargetDependency;
			target = FAB08E012D1DD5EC00FA41D7 /* Watch Widget */;
			targetProxy = FAB08E0D2D1DD5ED00FA41D7 /* PBXContainerItemProxy */;
		};
/* End PBXTargetDependency section */

/* Begin XCBuildConfiguration section */
		FA26D2782D1CBA6500A29D3C /* Debug */ = {
			isa = XCBuildConfiguration;
			buildSettings = {
				ALWAYS_EMBED_SWIFT_STANDARD_LIBRARIES = YES;
				ASSETCATALOG_COMPILER_APPICON_NAME = AppIcon;
				ASSETCATALOG_COMPILER_GLOBAL_ACCENT_COLOR_NAME = AccentColor;
				CODE_SIGN_IDENTITY = "Apple Development";
				CODE_SIGN_STYLE = Automatic;
				CURRENT_PROJECT_VERSION = 1;
				DEVELOPMENT_ASSET_PATHS = "";
				DEVELOPMENT_TEAM = YFHPJRC572;
				ENABLE_PREVIEWS = YES;
				GENERATE_INFOPLIST_FILE = YES;
				INFOPLIST_FILE = WatchApp/Info.plist;
				INFOPLIST_KEY_CFBundleDisplayName = "Jaky je boha tyzden";
				INFOPLIST_KEY_UISupportedInterfaceOrientations = "UIInterfaceOrientationPortrait UIInterfaceOrientationPortraitUpsideDown";
				INFOPLIST_KEY_WKCompanionAppBundleIdentifier = Argon.WhatWeek;
				INFOPLIST_KEY_WKRunsIndependentlyOfCompanionApp = YES;
				LD_RUNPATH_SEARCH_PATHS = (
					"$(inherited)",
					"@executable_path/Frameworks",
				);
				MARKETING_VERSION = 1.0;
				PRODUCT_BUNDLE_IDENTIFIER = Argon.WhatWeek.watchkitapp;
				PRODUCT_NAME = "$(TARGET_NAME)";
				PROVISIONING_PROFILE_SPECIFIER = "";
				SDKROOT = watchos;
				SKIP_INSTALL = YES;
				SWIFT_EMIT_LOC_STRINGS = YES;
				SWIFT_VERSION = 5.0;
				TARGETED_DEVICE_FAMILY = 4;
				WATCHOS_DEPLOYMENT_TARGET = 9.0;
			};
			name = Debug;
		};
		FA26D2792D1CBA6500A29D3C /* Release */ = {
			isa = XCBuildConfiguration;
			buildSettings = {
				ALWAYS_EMBED_SWIFT_STANDARD_LIBRARIES = YES;
				ASSETCATALOG_COMPILER_APPICON_NAME = AppIcon;
				ASSETCATALOG_COMPILER_GLOBAL_ACCENT_COLOR_NAME = AccentColor;
				CODE_SIGN_STYLE = Automatic;
				CURRENT_PROJECT_VERSION = 1;
				DEVELOPMENT_ASSET_PATHS = "";
				DEVELOPMENT_TEAM = YFHPJRC572;
				ENABLE_PREVIEWS = YES;
				GENERATE_INFOPLIST_FILE = YES;
				INFOPLIST_FILE = WatchApp/Info.plist;
				INFOPLIST_KEY_CFBundleDisplayName = "Jaky je boha tyzden";
				INFOPLIST_KEY_UISupportedInterfaceOrientations = "UIInterfaceOrientationPortrait UIInterfaceOrientationPortraitUpsideDown";
				INFOPLIST_KEY_WKCompanionAppBundleIdentifier = Argon.WhatWeek;
				INFOPLIST_KEY_WKRunsIndependentlyOfCompanionApp = YES;
				LD_RUNPATH_SEARCH_PATHS = (
					"$(inherited)",
					"@executable_path/Frameworks",
				);
				MARKETING_VERSION = 1.0;
				PRODUCT_BUNDLE_IDENTIFIER = Argon.WhatWeek.watchkitapp;
				PRODUCT_NAME = "$(TARGET_NAME)";
				SDKROOT = watchos;
				SKIP_INSTALL = YES;
				SWIFT_EMIT_LOC_STRINGS = YES;
				SWIFT_VERSION = 5.0;
				TARGETED_DEVICE_FAMILY = 4;
				VALIDATE_PRODUCT = YES;
				WATCHOS_DEPLOYMENT_TARGET = 9.0;
			};
			name = Release;
		};
		FA31220C2D1E0C8300D620CA /* Debug */ = {
			isa = XCBuildConfiguration;
			buildSettings = {
				ASSETCATALOG_COMPILER_GLOBAL_ACCENT_COLOR_NAME = AccentColor;
				ASSETCATALOG_COMPILER_WIDGET_BACKGROUND_COLOR_NAME = WidgetBackground;
				CODE_SIGN_IDENTITY = "Apple Development";
				CODE_SIGN_STYLE = Automatic;
				CURRENT_PROJECT_VERSION = 1;
				DEVELOPMENT_TEAM = YFHPJRC572;
				GENERATE_INFOPLIST_FILE = YES;
				INFOPLIST_FILE = Widgets/Info.plist;
				INFOPLIST_KEY_CFBundleDisplayName = WeekWidget;
				INFOPLIST_KEY_NSHumanReadableCopyright = "";
				IPHONEOS_DEPLOYMENT_TARGET = 16.0;
				LD_RUNPATH_SEARCH_PATHS = (
					"$(inherited)",
					"@executable_path/Frameworks",
					"@executable_path/../../Frameworks",
					"@executable_path/../../../../Frameworks",
				);
				MARKETING_VERSION = 1.0;
				PRODUCT_BUNDLE_IDENTIFIER = Argon.WhatWeek.WeekWidget;
				PRODUCT_NAME = "$(TARGET_NAME)";
				SDKROOT = watchos;
				SKIP_INSTALL = YES;
				SUPPORTED_PLATFORMS = "iphoneos iphonesimulator";
				SUPPORTS_MACCATALYST = NO;
				SWIFT_EMIT_LOC_STRINGS = YES;
				SWIFT_VERSION = 5.0;
				TARGETED_DEVICE_FAMILY = 1;
				WATCHOS_DEPLOYMENT_TARGET = 10.0;
			};
			name = Debug;
		};
		FA31220D2D1E0C8300D620CA /* Release */ = {
			isa = XCBuildConfiguration;
			buildSettings = {
				ASSETCATALOG_COMPILER_GLOBAL_ACCENT_COLOR_NAME = AccentColor;
				ASSETCATALOG_COMPILER_WIDGET_BACKGROUND_COLOR_NAME = WidgetBackground;
				CODE_SIGN_STYLE = Automatic;
				CURRENT_PROJECT_VERSION = 1;
				DEVELOPMENT_TEAM = YFHPJRC572;
				GENERATE_INFOPLIST_FILE = YES;
				INFOPLIST_FILE = Widgets/Info.plist;
				INFOPLIST_KEY_CFBundleDisplayName = WeekWidget;
				INFOPLIST_KEY_NSHumanReadableCopyright = "";
				IPHONEOS_DEPLOYMENT_TARGET = 16.0;
				LD_RUNPATH_SEARCH_PATHS = (
					"$(inherited)",
					"@executable_path/Frameworks",
					"@executable_path/../../Frameworks",
					"@executable_path/../../../../Frameworks",
				);
				MARKETING_VERSION = 1.0;
				PRODUCT_BUNDLE_IDENTIFIER = Argon.WhatWeek.WeekWidget;
				PRODUCT_NAME = "$(TARGET_NAME)";
				SDKROOT = watchos;
				SKIP_INSTALL = YES;
				SUPPORTED_PLATFORMS = "iphoneos iphonesimulator";
				SUPPORTS_MACCATALYST = NO;
				SWIFT_EMIT_LOC_STRINGS = YES;
				SWIFT_VERSION = 5.0;
				TARGETED_DEVICE_FAMILY = 1;
				VALIDATE_PRODUCT = YES;
				WATCHOS_DEPLOYMENT_TARGET = 10.0;
			};
			name = Release;
		};
		FA7ECAA32D1B6F2900C23B32 /* Debug */ = {
			isa = XCBuildConfiguration;
			buildSettings = {
				ALWAYS_SEARCH_USER_PATHS = NO;
				ASSETCATALOG_COMPILER_GENERATE_SWIFT_ASSET_SYMBOL_EXTENSIONS = YES;
				CLANG_ANALYZER_NONNULL = YES;
				CLANG_ANALYZER_NUMBER_OBJECT_CONVERSION = YES_AGGRESSIVE;
				CLANG_CXX_LANGUAGE_STANDARD = "gnu++20";
				CLANG_ENABLE_MODULES = YES;
				CLANG_ENABLE_OBJC_ARC = YES;
				CLANG_ENABLE_OBJC_WEAK = YES;
				CLANG_WARN_BLOCK_CAPTURE_AUTORELEASING = YES;
				CLANG_WARN_BOOL_CONVERSION = YES;
				CLANG_WARN_COMMA = YES;
				CLANG_WARN_CONSTANT_CONVERSION = YES;
				CLANG_WARN_DEPRECATED_OBJC_IMPLEMENTATIONS = YES;
				CLANG_WARN_DIRECT_OBJC_ISA_USAGE = YES_ERROR;
				CLANG_WARN_DOCUMENTATION_COMMENTS = YES;
				CLANG_WARN_EMPTY_BODY = YES;
				CLANG_WARN_ENUM_CONVERSION = YES;
				CLANG_WARN_INFINITE_RECURSION = YES;
				CLANG_WARN_INT_CONVERSION = YES;
				CLANG_WARN_NON_LITERAL_NULL_CONVERSION = YES;
				CLANG_WARN_OBJC_IMPLICIT_RETAIN_SELF = YES;
				CLANG_WARN_OBJC_LITERAL_CONVERSION = YES;
				CLANG_WARN_OBJC_ROOT_CLASS = YES_ERROR;
				CLANG_WARN_QUOTED_INCLUDE_IN_FRAMEWORK_HEADER = YES;
				CLANG_WARN_RANGE_LOOP_ANALYSIS = YES;
				CLANG_WARN_STRICT_PROTOTYPES = YES;
				CLANG_WARN_SUSPICIOUS_MOVE = YES;
				CLANG_WARN_UNGUARDED_AVAILABILITY = YES_AGGRESSIVE;
				CLANG_WARN_UNREACHABLE_CODE = YES;
				CLANG_WARN__DUPLICATE_METHOD_MATCH = YES;
				COPY_PHASE_STRIP = NO;
				DEBUG_INFORMATION_FORMAT = dwarf;
				ENABLE_STRICT_OBJC_MSGSEND = YES;
				ENABLE_TESTABILITY = YES;
				ENABLE_USER_SCRIPT_SANDBOXING = YES;
				GCC_C_LANGUAGE_STANDARD = gnu17;
				GCC_DYNAMIC_NO_PIC = NO;
				GCC_NO_COMMON_BLOCKS = YES;
				GCC_OPTIMIZATION_LEVEL = 0;
				GCC_PREPROCESSOR_DEFINITIONS = (
					"DEBUG=1",
					"$(inherited)",
				);
				GCC_WARN_64_TO_32_BIT_CONVERSION = YES;
				GCC_WARN_ABOUT_RETURN_TYPE = YES_ERROR;
				GCC_WARN_UNDECLARED_SELECTOR = YES;
				GCC_WARN_UNINITIALIZED_AUTOS = YES_AGGRESSIVE;
				GCC_WARN_UNUSED_FUNCTION = YES;
				GCC_WARN_UNUSED_VARIABLE = YES;
				LOCALIZATION_PREFERS_STRING_CATALOGS = YES;
				MTL_ENABLE_DEBUG_INFO = INCLUDE_SOURCE;
				MTL_FAST_MATH = YES;
				ONLY_ACTIVE_ARCH = YES;
				SWIFT_ACTIVE_COMPILATION_CONDITIONS = "DEBUG $(inherited)";
				SWIFT_OPTIMIZATION_LEVEL = "-Onone";
			};
			name = Debug;
		};
		FA7ECAA42D1B6F2900C23B32 /* Release */ = {
			isa = XCBuildConfiguration;
			buildSettings = {
				ALWAYS_SEARCH_USER_PATHS = NO;
				ASSETCATALOG_COMPILER_GENERATE_SWIFT_ASSET_SYMBOL_EXTENSIONS = YES;
				CLANG_ANALYZER_NONNULL = YES;
				CLANG_ANALYZER_NUMBER_OBJECT_CONVERSION = YES_AGGRESSIVE;
				CLANG_CXX_LANGUAGE_STANDARD = "gnu++20";
				CLANG_ENABLE_MODULES = YES;
				CLANG_ENABLE_OBJC_ARC = YES;
				CLANG_ENABLE_OBJC_WEAK = YES;
				CLANG_WARN_BLOCK_CAPTURE_AUTORELEASING = YES;
				CLANG_WARN_BOOL_CONVERSION = YES;
				CLANG_WARN_COMMA = YES;
				CLANG_WARN_CONSTANT_CONVERSION = YES;
				CLANG_WARN_DEPRECATED_OBJC_IMPLEMENTATIONS = YES;
				CLANG_WARN_DIRECT_OBJC_ISA_USAGE = YES_ERROR;
				CLANG_WARN_DOCUMENTATION_COMMENTS = YES;
				CLANG_WARN_EMPTY_BODY = YES;
				CLANG_WARN_ENUM_CONVERSION = YES;
				CLANG_WARN_INFINITE_RECURSION = YES;
				CLANG_WARN_INT_CONVERSION = YES;
				CLANG_WARN_NON_LITERAL_NULL_CONVERSION = YES;
				CLANG_WARN_OBJC_IMPLICIT_RETAIN_SELF = YES;
				CLANG_WARN_OBJC_LITERAL_CONVERSION = YES;
				CLANG_WARN_OBJC_ROOT_CLASS = YES_ERROR;
				CLANG_WARN_QUOTED_INCLUDE_IN_FRAMEWORK_HEADER = YES;
				CLANG_WARN_RANGE_LOOP_ANALYSIS = YES;
				CLANG_WARN_STRICT_PROTOTYPES = YES;
				CLANG_WARN_SUSPICIOUS_MOVE = YES;
				CLANG_WARN_UNGUARDED_AVAILABILITY = YES_AGGRESSIVE;
				CLANG_WARN_UNREACHABLE_CODE = YES;
				CLANG_WARN__DUPLICATE_METHOD_MATCH = YES;
				COPY_PHASE_STRIP = NO;
				DEBUG_INFORMATION_FORMAT = "dwarf-with-dsym";
				ENABLE_NS_ASSERTIONS = NO;
				ENABLE_STRICT_OBJC_MSGSEND = YES;
				ENABLE_USER_SCRIPT_SANDBOXING = YES;
				GCC_C_LANGUAGE_STANDARD = gnu17;
				GCC_NO_COMMON_BLOCKS = YES;
				GCC_WARN_64_TO_32_BIT_CONVERSION = YES;
				GCC_WARN_ABOUT_RETURN_TYPE = YES_ERROR;
				GCC_WARN_UNDECLARED_SELECTOR = YES;
				GCC_WARN_UNINITIALIZED_AUTOS = YES_AGGRESSIVE;
				GCC_WARN_UNUSED_FUNCTION = YES;
				GCC_WARN_UNUSED_VARIABLE = YES;
				LOCALIZATION_PREFERS_STRING_CATALOGS = YES;
				MTL_ENABLE_DEBUG_INFO = NO;
				MTL_FAST_MATH = YES;
				SWIFT_COMPILATION_MODE = wholemodule;
			};
			name = Release;
		};
		FAB08DD72D1CBE1600FA41D7 /* Debug */ = {
			isa = XCBuildConfiguration;
			buildSettings = {
				ASSETCATALOG_COMPILER_APPICON_NAME = AppIcon;
				ASSETCATALOG_COMPILER_GLOBAL_ACCENT_COLOR_NAME = AccentColor;
				CODE_SIGN_IDENTITY = "Apple Development";
				CODE_SIGN_STYLE = Automatic;
				CURRENT_PROJECT_VERSION = 1;
				DEVELOPMENT_ASSET_PATHS = "\"MobileApp/Preview Content\"";
				DEVELOPMENT_TEAM = YFHPJRC572;
				ENABLE_PREVIEWS = YES;
				GENERATE_INFOPLIST_FILE = YES;
				INFOPLIST_FILE = MobileApp/Info.plist;
				INFOPLIST_KEY_CFBundleDisplayName = "Jaky je boha tyzden";
				INFOPLIST_KEY_UIApplicationSceneManifest_Generation = YES;
				INFOPLIST_KEY_UIApplicationSupportsIndirectInputEvents = YES;
				INFOPLIST_KEY_UILaunchScreen_Generation = YES;
				INFOPLIST_KEY_UISupportedInterfaceOrientations_iPad = "UIInterfaceOrientationPortrait UIInterfaceOrientationPortraitUpsideDown UIInterfaceOrientationLandscapeLeft UIInterfaceOrientationLandscapeRight";
				INFOPLIST_KEY_UISupportedInterfaceOrientations_iPhone = "UIInterfaceOrientationPortrait UIInterfaceOrientationLandscapeLeft UIInterfaceOrientationLandscapeRight";
				IPHONEOS_DEPLOYMENT_TARGET = 16.0;
				LD_RUNPATH_SEARCH_PATHS = (
					"$(inherited)",
					"@executable_path/Frameworks",
				);
				MARKETING_VERSION = 1.0;
				PRODUCT_BUNDLE_IDENTIFIER = Argon.WhatWeek;
				PRODUCT_NAME = "$(TARGET_NAME)";
				PROVISIONING_PROFILE_SPECIFIER = "";
				SDKROOT = iphoneos;
				SUPPORTED_PLATFORMS = "iphoneos iphonesimulator";
				SUPPORTS_MACCATALYST = NO;
				SWIFT_EMIT_LOC_STRINGS = YES;
				SWIFT_VERSION = 5.0;
				TARGETED_DEVICE_FAMILY = 1;
			};
			name = Debug;
		};
		FAB08DD82D1CBE1600FA41D7 /* Release */ = {
			isa = XCBuildConfiguration;
			buildSettings = {
				ASSETCATALOG_COMPILER_APPICON_NAME = AppIcon;
				ASSETCATALOG_COMPILER_GLOBAL_ACCENT_COLOR_NAME = AccentColor;
				CODE_SIGN_STYLE = Automatic;
				CURRENT_PROJECT_VERSION = 1;
				DEVELOPMENT_ASSET_PATHS = "\"MobileApp/Preview Content\"";
				DEVELOPMENT_TEAM = YFHPJRC572;
				ENABLE_PREVIEWS = YES;
				GENERATE_INFOPLIST_FILE = YES;
				INFOPLIST_FILE = MobileApp/Info.plist;
				INFOPLIST_KEY_CFBundleDisplayName = "Jaky je boha tyzden";
				INFOPLIST_KEY_UIApplicationSceneManifest_Generation = YES;
				INFOPLIST_KEY_UIApplicationSupportsIndirectInputEvents = YES;
				INFOPLIST_KEY_UILaunchScreen_Generation = YES;
				INFOPLIST_KEY_UISupportedInterfaceOrientations_iPad = "UIInterfaceOrientationPortrait UIInterfaceOrientationPortraitUpsideDown UIInterfaceOrientationLandscapeLeft UIInterfaceOrientationLandscapeRight";
				INFOPLIST_KEY_UISupportedInterfaceOrientations_iPhone = "UIInterfaceOrientationPortrait UIInterfaceOrientationLandscapeLeft UIInterfaceOrientationLandscapeRight";
				IPHONEOS_DEPLOYMENT_TARGET = 16.0;
				LD_RUNPATH_SEARCH_PATHS = (
					"$(inherited)",
					"@executable_path/Frameworks",
				);
				MARKETING_VERSION = 1.0;
				PRODUCT_BUNDLE_IDENTIFIER = Argon.WhatWeek;
				PRODUCT_NAME = "$(TARGET_NAME)";
				SDKROOT = iphoneos;
				SUPPORTED_PLATFORMS = "iphoneos iphonesimulator";
				SUPPORTS_MACCATALYST = NO;
				SWIFT_EMIT_LOC_STRINGS = YES;
				SWIFT_VERSION = 5.0;
				TARGETED_DEVICE_FAMILY = 1;
				VALIDATE_PRODUCT = YES;
			};
			name = Release;
		};
		FAB08E112D1DD5EE00FA41D7 /* Debug */ = {
			isa = XCBuildConfiguration;
			buildSettings = {
				ASSETCATALOG_COMPILER_GLOBAL_ACCENT_COLOR_NAME = AccentColor;
				ASSETCATALOG_COMPILER_WIDGET_BACKGROUND_COLOR_NAME = WidgetBackground;
				CODE_SIGN_IDENTITY = "Apple Development";
				CODE_SIGN_STYLE = Automatic;
				CURRENT_PROJECT_VERSION = 1;
				DEVELOPMENT_TEAM = YFHPJRC572;
				GENERATE_INFOPLIST_FILE = YES;
				INFOPLIST_FILE = Widgets/Info.plist;
				INFOPLIST_KEY_CFBundleDisplayName = WeekWidget;
				INFOPLIST_KEY_NSHumanReadableCopyright = "";
				LD_RUNPATH_SEARCH_PATHS = (
					"$(inherited)",
					"@executable_path/Frameworks",
					"@executable_path/../../Frameworks",
					"@executable_path/../../../../Frameworks",
				);
				MARKETING_VERSION = 1.0;
				PRODUCT_BUNDLE_IDENTIFIER = Argon.WhatWeek.watchkitapp.WeekWidget;
				PRODUCT_NAME = "$(TARGET_NAME)";
				SDKROOT = watchos;
				SKIP_INSTALL = YES;
				SUPPORTED_PLATFORMS = "watchos watchsimulator";
				SUPPORTS_MACCATALYST = NO;
				SWIFT_EMIT_LOC_STRINGS = YES;
				SWIFT_VERSION = 5.0;
				TARGETED_DEVICE_FAMILY = 4;
				WATCHOS_DEPLOYMENT_TARGET = 9.0;
			};
			name = Debug;
		};
		FAB08E122D1DD5EE00FA41D7 /* Release */ = {
			isa = XCBuildConfiguration;
			buildSettings = {
				ASSETCATALOG_COMPILER_GLOBAL_ACCENT_COLOR_NAME = AccentColor;
				ASSETCATALOG_COMPILER_WIDGET_BACKGROUND_COLOR_NAME = WidgetBackground;
				CODE_SIGN_STYLE = Automatic;
				CURRENT_PROJECT_VERSION = 1;
				DEVELOPMENT_TEAM = YFHPJRC572;
				GENERATE_INFOPLIST_FILE = YES;
				INFOPLIST_FILE = Widgets/Info.plist;
				INFOPLIST_KEY_CFBundleDisplayName = WeekWidget;
				INFOPLIST_KEY_NSHumanReadableCopyright = "";
				LD_RUNPATH_SEARCH_PATHS = (
					"$(inherited)",
					"@executable_path/Frameworks",
					"@executable_path/../../Frameworks",
					"@executable_path/../../../../Frameworks",
				);
				MARKETING_VERSION = 1.0;
				PRODUCT_BUNDLE_IDENTIFIER = Argon.WhatWeek.watchkitapp.WeekWidget;
				PRODUCT_NAME = "$(TARGET_NAME)";
				SDKROOT = watchos;
				SKIP_INSTALL = YES;
				SUPPORTED_PLATFORMS = "watchos watchsimulator";
				SUPPORTS_MACCATALYST = NO;
				SWIFT_EMIT_LOC_STRINGS = YES;
				SWIFT_VERSION = 5.0;
				TARGETED_DEVICE_FAMILY = 4;
				VALIDATE_PRODUCT = YES;
				WATCHOS_DEPLOYMENT_TARGET = 9.0;
			};
			name = Release;
		};
/* End XCBuildConfiguration section */

/* Begin XCConfigurationList section */
		FA26D2772D1CBA6500A29D3C /* Build configuration list for PBXNativeTarget "Jaky je boha tyzden for watch" */ = {
			isa = XCConfigurationList;
			buildConfigurations = (
				FA26D2782D1CBA6500A29D3C /* Debug */,
				FA26D2792D1CBA6500A29D3C /* Release */,
			);
			defaultConfigurationIsVisible = 0;
			defaultConfigurationName = Release;
		};
		FA31220B2D1E0C8300D620CA /* Build configuration list for PBXNativeTarget "Mobile Widget" */ = {
			isa = XCConfigurationList;
			buildConfigurations = (
				FA31220C2D1E0C8300D620CA /* Debug */,
				FA31220D2D1E0C8300D620CA /* Release */,
			);
			defaultConfigurationIsVisible = 0;
			defaultConfigurationName = Release;
		};
		FA7ECA912D1B6F2800C23B32 /* Build configuration list for PBXProject "WhatWeek" */ = {
			isa = XCConfigurationList;
			buildConfigurations = (
				FA7ECAA32D1B6F2900C23B32 /* Debug */,
				FA7ECAA42D1B6F2900C23B32 /* Release */,
			);
			defaultConfigurationIsVisible = 0;
			defaultConfigurationName = Release;
		};
		FAB08DD62D1CBE1600FA41D7 /* Build configuration list for PBXNativeTarget "Jaky je boha tyzden" */ = {
			isa = XCConfigurationList;
			buildConfigurations = (
				FAB08DD72D1CBE1600FA41D7 /* Debug */,
				FAB08DD82D1CBE1600FA41D7 /* Release */,
			);
			defaultConfigurationIsVisible = 0;
			defaultConfigurationName = Release;
		};
		FAB08E102D1DD5EE00FA41D7 /* Build configuration list for PBXNativeTarget "Watch Widget" */ = {
			isa = XCConfigurationList;
			buildConfigurations = (
				FAB08E112D1DD5EE00FA41D7 /* Debug */,
				FAB08E122D1DD5EE00FA41D7 /* Release */,
			);
			defaultConfigurationIsVisible = 0;
			defaultConfigurationName = Release;
		};
/* End XCConfigurationList section */

/* Begin XCSwiftPackageProductDependency section */
		FA3122012D1E0C8300D620CA /* AppCore */ = {
			isa = XCSwiftPackageProductDependency;
			productName = AppCore;
		};
		FA3122142D1E3A4700D620CA /* AppCore */ = {
			isa = XCSwiftPackageProductDependency;
			productName = AppCore;
		};
		FAB08DBC2D1CBB5D00FA41D7 /* AppCore */ = {
			isa = XCSwiftPackageProductDependency;
			productName = AppCore;
		};
		FAB08DBE2D1CBB6300FA41D7 /* AppCore */ = {
			isa = XCSwiftPackageProductDependency;
			productName = AppCore;
		};
		FAB08DD92D1CBE2400FA41D7 /* AppCore */ = {
			isa = XCSwiftPackageProductDependency;
			productName = AppCore;
		};
		FAB08DDB2D1CBE2900FA41D7 /* AppCore */ = {
			isa = XCSwiftPackageProductDependency;
			productName = AppCore;
		};
		FAB08E132D1DD88A00FA41D7 /* AppCore */ = {
			isa = XCSwiftPackageProductDependency;
			productName = AppCore;
		};
		FAB08E152D1DD88F00FA41D7 /* AppCore */ = {
			isa = XCSwiftPackageProductDependency;
			productName = AppCore;
		};
/* End XCSwiftPackageProductDependency section */
	};
	rootObject = FA7ECA8E2D1B6F2800C23B32 /* Project object */;
}
