// !$*UTF8*$!
{
	archiveVersion = 1;
	classes = {
	};
	objectVersion = 56;
	objects = {

/* Begin PBXBuildFile section */
		FAB08DB92D1CBB1800FA41D7 /* SemesterViewModel.swift in Sources */ = {isa = PBXBuildFile; fileRef = FAB08DB82D1CBB1800FA41D7 /* SemesterViewModel.swift */; };
		FAB08DBD2D1CBB5D00FA41D7 /* AppCore in Frameworks */ = {isa = PBXBuildFile; productRef = FAB08DBC2D1CBB5D00FA41D7 /* AppCore */; };
		FAB08DC32D1CBC4100FA41D7 /* ContentView.swift in Sources */ = {isa = PBXBuildFile; fileRef = FA26D23B2D1CB9CD00A29D3C /* ContentView.swift */; };
		FAB08DC62D1CBD7200FA41D7 /* Roboto-Bold.ttf in Resources */ = {isa = PBXBuildFile; fileRef = FAB08DC42D1CBD7200FA41D7 /* Roboto-Bold.ttf */; };
		FAB08DDA2D1CBE2400FA41D7 /* AppCore in Frameworks */ = {isa = PBXBuildFile; productRef = FAB08DD92D1CBE2400FA41D7 /* AppCore */; };
		FAB08DDD2D1CBED600FA41D7 /* WhatWeekOnTUKEApp.swift in Sources */ = {isa = PBXBuildFile; fileRef = FAA612572D1CB73D00CF3DB4 /* WhatWeekOnTUKEApp.swift */; };
		FAB08DDE2D1CBED600FA41D7 /* ContentView.swift in Sources */ = {isa = PBXBuildFile; fileRef = FAA612592D1CB73D00CF3DB4 /* ContentView.swift */; };
		FAB08DDF2D1CBEDC00FA41D7 /* Roboto-Bold.ttf in Resources */ = {isa = PBXBuildFile; fileRef = FAB08DC42D1CBD7200FA41D7 /* Roboto-Bold.ttf */; };
		FAB08DE32D1CC15900FA41D7 /* WhatWeekOnTUKEApp.swift in Sources */ = {isa = PBXBuildFile; fileRef = FAB08DE22D1CC15900FA41D7 /* WhatWeekOnTUKEApp.swift */; };
		FAB08DE52D1CC46600FA41D7 /* SemesterViewModel.swift in Sources */ = {isa = PBXBuildFile; fileRef = FAB08DE42D1CC46600FA41D7 /* SemesterViewModel.swift */; };
/* End PBXBuildFile section */

/* Begin PBXFileReference section */
		FA09D7322D1C9B6B00DD110E /* AppCore */ = {isa = PBXFileReference; lastKnownFileType = wrapper; path = AppCore; sourceTree = "<group>"; };
		FA09D7342D1CA34D00DD110E /* AppCoreTests.xctestplan */ = {isa = PBXFileReference; lastKnownFileType = text; name = AppCoreTests.xctestplan; path = AppCore/AppCoreTests.xctestplan; sourceTree = "<group>"; };
		FA26D23B2D1CB9CD00A29D3C /* ContentView.swift */ = {isa = PBXFileReference; lastKnownFileType = sourcecode.swift; path = ContentView.swift; sourceTree = "<group>"; };
		FA26D23D2D1CB9CE00A29D3C /* Assets.xcassets */ = {isa = PBXFileReference; lastKnownFileType = folder.assetcatalog; path = Assets.xcassets; sourceTree = "<group>"; };
		FA26D2402D1CB9CE00A29D3C /* Preview Assets.xcassets */ = {isa = PBXFileReference; lastKnownFileType = folder.assetcatalog; path = "Preview Assets.xcassets"; sourceTree = "<group>"; };
		FA26D2692D1CBA6400A29D3C /* WhatWeekOnTUKE Watch App.app */ = {isa = PBXFileReference; explicitFileType = wrapper.application; includeInIndex = 0; path = "WhatWeekOnTUKE Watch App.app"; sourceTree = BUILT_PRODUCTS_DIR; };
		FAA612572D1CB73D00CF3DB4 /* WhatWeekOnTUKEApp.swift */ = {isa = PBXFileReference; lastKnownFileType = sourcecode.swift; path = WhatWeekOnTUKEApp.swift; sourceTree = "<group>"; };
		FAA612592D1CB73D00CF3DB4 /* ContentView.swift */ = {isa = PBXFileReference; lastKnownFileType = sourcecode.swift; path = ContentView.swift; sourceTree = "<group>"; };
		FAA6125B2D1CB73E00CF3DB4 /* Assets.xcassets */ = {isa = PBXFileReference; lastKnownFileType = folder.assetcatalog; path = Assets.xcassets; sourceTree = "<group>"; };
		FAA6125E2D1CB73E00CF3DB4 /* Preview Assets.xcassets */ = {isa = PBXFileReference; lastKnownFileType = folder.assetcatalog; path = "Preview Assets.xcassets"; sourceTree = "<group>"; };
		FAB08DB82D1CBB1800FA41D7 /* SemesterViewModel.swift */ = {isa = PBXFileReference; fileEncoding = 4; lastKnownFileType = sourcecode.swift; path = SemesterViewModel.swift; sourceTree = "<group>"; };
		FAB08DC42D1CBD7200FA41D7 /* Roboto-Bold.ttf */ = {isa = PBXFileReference; lastKnownFileType = file; path = "Roboto-Bold.ttf"; sourceTree = "<group>"; };
		FAB08DCB2D1CBE1400FA41D7 /* WhatWeekOnTUKE.app */ = {isa = PBXFileReference; explicitFileType = wrapper.application; includeInIndex = 0; path = WhatWeekOnTUKE.app; sourceTree = BUILT_PRODUCTS_DIR; };
		FAB08DE02D1CBF4C00FA41D7 /* Info.plist */ = {isa = PBXFileReference; lastKnownFileType = text.plist; path = Info.plist; sourceTree = "<group>"; };
		FAB08DE12D1CBF7100FA41D7 /* WhatWeekOnTUKE-Watch-App-Info.plist */ = {isa = PBXFileReference; lastKnownFileType = text.plist.xml; path = "WhatWeekOnTUKE-Watch-App-Info.plist"; sourceTree = SOURCE_ROOT; };
		FAB08DE22D1CC15900FA41D7 /* WhatWeekOnTUKEApp.swift */ = {isa = PBXFileReference; fileEncoding = 4; lastKnownFileType = sourcecode.swift; path = WhatWeekOnTUKEApp.swift; sourceTree = "<group>"; };
		FAB08DE42D1CC46600FA41D7 /* SemesterViewModel.swift */ = {isa = PBXFileReference; lastKnownFileType = sourcecode.swift; path = SemesterViewModel.swift; sourceTree = "<group>"; };
/* End PBXFileReference section */

/* Begin PBXFrameworksBuildPhase section */
		FA26D2662D1CBA6400A29D3C /* Frameworks */ = {
			isa = PBXFrameworksBuildPhase;
			buildActionMask = 2147483647;
			files = (
				FAB08DBD2D1CBB5D00FA41D7 /* AppCore in Frameworks */,
			);
			runOnlyForDeploymentPostprocessing = 0;
		};
		FAB08DC82D1CBE1400FA41D7 /* Frameworks */ = {
			isa = PBXFrameworksBuildPhase;
			buildActionMask = 2147483647;
			files = (
				FAB08DDA2D1CBE2400FA41D7 /* AppCore in Frameworks */,
			);
			runOnlyForDeploymentPostprocessing = 0;
		};
/* End PBXFrameworksBuildPhase section */

/* Begin PBXGroup section */
		FA26D2382D1CB9CD00A29D3C /* WhatWeekOnTUKE Watch App */ = {
			isa = PBXGroup;
			children = (
				FAB08DE12D1CBF7100FA41D7 /* WhatWeekOnTUKE-Watch-App-Info.plist */,
				FAB08DB82D1CBB1800FA41D7 /* SemesterViewModel.swift */,
				FA26D23B2D1CB9CD00A29D3C /* ContentView.swift */,
				FAB08DE22D1CC15900FA41D7 /* WhatWeekOnTUKEApp.swift */,
				FA26D23D2D1CB9CE00A29D3C /* Assets.xcassets */,
				FA26D23F2D1CB9CE00A29D3C /* Preview Content */,
			);
			path = "WhatWeekOnTUKE Watch App";
			sourceTree = "<group>";
		};
		FA26D23F2D1CB9CE00A29D3C /* Preview Content */ = {
			isa = PBXGroup;
			children = (
				FA26D2402D1CB9CE00A29D3C /* Preview Assets.xcassets */,
			);
			path = "Preview Content";
			sourceTree = "<group>";
		};
		FA7ECA8D2D1B6F2800C23B32 = {
			isa = PBXGroup;
			children = (
				FAB08DC42D1CBD7200FA41D7 /* Roboto-Bold.ttf */,
				FA09D7342D1CA34D00DD110E /* AppCoreTests.xctestplan */,
				FA09D7322D1C9B6B00DD110E /* AppCore */,
				FAA612562D1CB73D00CF3DB4 /* WhatWeekOnTUKE */,
				FA26D2382D1CB9CD00A29D3C /* WhatWeekOnTUKE Watch App */,
				FA7ECA972D1B6F2800C23B32 /* Products */,
				FA7ECB332D1C5D8C00C23B32 /* Frameworks */,
			);
			sourceTree = "<group>";
		};
		FA7ECA972D1B6F2800C23B32 /* Products */ = {
			isa = PBXGroup;
			children = (
				FA26D2692D1CBA6400A29D3C /* WhatWeekOnTUKE Watch App.app */,
				FAB08DCB2D1CBE1400FA41D7 /* WhatWeekOnTUKE.app */,
			);
			name = Products;
			sourceTree = "<group>";
		};
		FA7ECB332D1C5D8C00C23B32 /* Frameworks */ = {
			isa = PBXGroup;
			children = (
			);
			name = Frameworks;
			sourceTree = "<group>";
		};
		FAA612562D1CB73D00CF3DB4 /* WhatWeekOnTUKE */ = {
			isa = PBXGroup;
			children = (
				FAB08DE02D1CBF4C00FA41D7 /* Info.plist */,
				FAA612572D1CB73D00CF3DB4 /* WhatWeekOnTUKEApp.swift */,
				FAA612592D1CB73D00CF3DB4 /* ContentView.swift */,
				FAB08DE42D1CC46600FA41D7 /* SemesterViewModel.swift */,
				FAA6125B2D1CB73E00CF3DB4 /* Assets.xcassets */,
				FAA6125D2D1CB73E00CF3DB4 /* Preview Content */,
			);
			path = WhatWeekOnTUKE;
			sourceTree = "<group>";
		};
		FAA6125D2D1CB73E00CF3DB4 /* Preview Content */ = {
			isa = PBXGroup;
			children = (
				FAA6125E2D1CB73E00CF3DB4 /* Preview Assets.xcassets */,
			);
			path = "Preview Content";
			sourceTree = "<group>";
		};
/* End PBXGroup section */

/* Begin PBXNativeTarget section */
		FA26D2682D1CBA6400A29D3C /* WhatWeekOnTUKE Watch App */ = {
			isa = PBXNativeTarget;
			buildConfigurationList = FA26D2772D1CBA6500A29D3C /* Build configuration list for PBXNativeTarget "WhatWeekOnTUKE Watch App" */;
			buildPhases = (
				FA26D2652D1CBA6400A29D3C /* Sources */,
				FA26D2662D1CBA6400A29D3C /* Frameworks */,
				FA26D2672D1CBA6400A29D3C /* Resources */,
			);
			buildRules = (
			);
			dependencies = (
				FAB08DBF2D1CBB6300FA41D7 /* PBXTargetDependency */,
			);
			name = "WhatWeekOnTUKE Watch App";
			packageProductDependencies = (
				FAB08DBC2D1CBB5D00FA41D7 /* AppCore */,
			);
			productName = "WearableWhatWeekOnTUKE Watch App";
			productReference = FA26D2692D1CBA6400A29D3C /* WhatWeekOnTUKE Watch App.app */;
			productType = "com.apple.product-type.application";
		};
		FAB08DCA2D1CBE1400FA41D7 /* WhatWeekOnTUKE */ = {
			isa = PBXNativeTarget;
			buildConfigurationList = FAB08DD62D1CBE1600FA41D7 /* Build configuration list for PBXNativeTarget "WhatWeekOnTUKE" */;
			buildPhases = (
				FAB08DC72D1CBE1400FA41D7 /* Sources */,
				FAB08DC82D1CBE1400FA41D7 /* Frameworks */,
				FAB08DC92D1CBE1400FA41D7 /* Resources */,
			);
			buildRules = (
			);
			dependencies = (
				FAB08DDC2D1CBE2900FA41D7 /* PBXTargetDependency */,
			);
			name = WhatWeekOnTUKE;
			packageProductDependencies = (
				FAB08DD92D1CBE2400FA41D7 /* AppCore */,
			);
			productName = WhatWeekOnTUKE;
			productReference = FAB08DCB2D1CBE1400FA41D7 /* WhatWeekOnTUKE.app */;
			productType = "com.apple.product-type.application";
		};
/* End PBXNativeTarget section */

/* Begin PBXProject section */
		FA7ECA8E2D1B6F2800C23B32 /* Project object */ = {
			isa = PBXProject;
			attributes = {
				BuildIndependentTargetsInParallel = 1;
				LastSwiftUpdateCheck = 1500;
				LastUpgradeCheck = 1500;
				TargetAttributes = {
					FA26D2682D1CBA6400A29D3C = {
						CreatedOnToolsVersion = 15.0;
					};
					FAB08DCA2D1CBE1400FA41D7 = {
						CreatedOnToolsVersion = 15.0;
					};
				};
			};
			buildConfigurationList = FA7ECA912D1B6F2800C23B32 /* Build configuration list for PBXProject "WhatWeekOnTUKE" */;
			compatibilityVersion = "Xcode 14.0";
			developmentRegion = en;
			hasScannedForEncodings = 0;
			knownRegions = (
				en,
				Base,
			);
			mainGroup = FA7ECA8D2D1B6F2800C23B32;
			productRefGroup = FA7ECA972D1B6F2800C23B32 /* Products */;
			projectDirPath = "";
			projectRoot = "";
			targets = (
				FAB08DCA2D1CBE1400FA41D7 /* WhatWeekOnTUKE */,
				FA26D2682D1CBA6400A29D3C /* WhatWeekOnTUKE Watch App */,
			);
		};
/* End PBXProject section */

/* Begin PBXResourcesBuildPhase section */
		FA26D2672D1CBA6400A29D3C /* Resources */ = {
			isa = PBXResourcesBuildPhase;
			buildActionMask = 2147483647;
			files = (
				FAB08DC62D1CBD7200FA41D7 /* Roboto-Bold.ttf in Resources */,
			);
			runOnlyForDeploymentPostprocessing = 0;
		};
		FAB08DC92D1CBE1400FA41D7 /* Resources */ = {
			isa = PBXResourcesBuildPhase;
			buildActionMask = 2147483647;
			files = (
				FAB08DDF2D1CBEDC00FA41D7 /* Roboto-Bold.ttf in Resources */,
			);
			runOnlyForDeploymentPostprocessing = 0;
		};
/* End PBXResourcesBuildPhase section */

/* Begin PBXSourcesBuildPhase section */
		FA26D2652D1CBA6400A29D3C /* Sources */ = {
			isa = PBXSourcesBuildPhase;
			buildActionMask = 2147483647;
			files = (
				FAB08DE32D1CC15900FA41D7 /* WhatWeekOnTUKEApp.swift in Sources */,
				FAB08DC32D1CBC4100FA41D7 /* ContentView.swift in Sources */,
				FAB08DB92D1CBB1800FA41D7 /* SemesterViewModel.swift in Sources */,
			);
			runOnlyForDeploymentPostprocessing = 0;
		};
		FAB08DC72D1CBE1400FA41D7 /* Sources */ = {
			isa = PBXSourcesBuildPhase;
			buildActionMask = 2147483647;
			files = (
				FAB08DDD2D1CBED600FA41D7 /* WhatWeekOnTUKEApp.swift in Sources */,
				FAB08DE52D1CC46600FA41D7 /* SemesterViewModel.swift in Sources */,
				FAB08DDE2D1CBED600FA41D7 /* ContentView.swift in Sources */,
			);
			runOnlyForDeploymentPostprocessing = 0;
		};
/* End PBXSourcesBuildPhase section */

/* Begin PBXTargetDependency section */
		FAB08DBF2D1CBB6300FA41D7 /* PBXTargetDependency */ = {
			isa = PBXTargetDependency;
			productRef = FAB08DBE2D1CBB6300FA41D7 /* AppCore */;
		};
		FAB08DDC2D1CBE2900FA41D7 /* PBXTargetDependency */ = {
			isa = PBXTargetDependency;
			productRef = FAB08DDB2D1CBE2900FA41D7 /* AppCore */;
		};
/* End PBXTargetDependency section */

/* Begin XCBuildConfiguration section */
		FA26D2782D1CBA6500A29D3C /* Debug */ = {
			isa = XCBuildConfiguration;
			buildSettings = {
				ASSETCATALOG_COMPILER_APPICON_NAME = AppIcon;
				ASSETCATALOG_COMPILER_GLOBAL_ACCENT_COLOR_NAME = AccentColor;
				CODE_SIGN_STYLE = Automatic;
				CURRENT_PROJECT_VERSION = 1;
				DEVELOPMENT_ASSET_PATHS = "";
				DEVELOPMENT_TEAM = YFHPJRC572;
				ENABLE_PREVIEWS = YES;
				GENERATE_INFOPLIST_FILE = YES;
				INFOPLIST_FILE = "WearableWhatWeekOnTUKE-Watch-App-Info.plist";
				INFOPLIST_KEY_CFBundleDisplayName = WhatWeekOnTUKE;
				INFOPLIST_KEY_UISupportedInterfaceOrientations = "UIInterfaceOrientationPortrait UIInterfaceOrientationPortraitUpsideDown";
				INFOPLIST_KEY_WKCompanionAppBundleIdentifier = Argon.WhatWeekOnTUKE;
				LD_RUNPATH_SEARCH_PATHS = (
					"$(inherited)",
					"@executable_path/Frameworks",
				);
				MARKETING_VERSION = 1.0;
				PRODUCT_BUNDLE_IDENTIFIER = Argon.WhatWeekOnTUKE.watchkitapp;
				PRODUCT_NAME = "$(TARGET_NAME)";
				SDKROOT = watchos;
				SKIP_INSTALL = YES;
				SWIFT_EMIT_LOC_STRINGS = YES;
				SWIFT_VERSION = 5.0;
				TARGETED_DEVICE_FAMILY = 4;
				WATCHOS_DEPLOYMENT_TARGET = 10.0;
			};
			name = Debug;
		};
		FA26D2792D1CBA6500A29D3C /* Release */ = {
			isa = XCBuildConfiguration;
			buildSettings = {
				ASSETCATALOG_COMPILER_APPICON_NAME = AppIcon;
				ASSETCATALOG_COMPILER_GLOBAL_ACCENT_COLOR_NAME = AccentColor;
				CODE_SIGN_STYLE = Automatic;
				CURRENT_PROJECT_VERSION = 1;
				DEVELOPMENT_ASSET_PATHS = "";
				DEVELOPMENT_TEAM = YFHPJRC572;
				ENABLE_PREVIEWS = YES;
				GENERATE_INFOPLIST_FILE = YES;
				INFOPLIST_FILE = "WearableWhatWeekOnTUKE-Watch-App-Info.plist";
				INFOPLIST_KEY_CFBundleDisplayName = WhatWeekOnTUKE;
				INFOPLIST_KEY_UISupportedInterfaceOrientations = "UIInterfaceOrientationPortrait UIInterfaceOrientationPortraitUpsideDown";
				INFOPLIST_KEY_WKCompanionAppBundleIdentifier = Argon.WhatWeekOnTUKE;
				LD_RUNPATH_SEARCH_PATHS = (
					"$(inherited)",
					"@executable_path/Frameworks",
				);
				MARKETING_VERSION = 1.0;
				PRODUCT_BUNDLE_IDENTIFIER = Argon.WhatWeekOnTUKE.watchkitapp;
				PRODUCT_NAME = "$(TARGET_NAME)";
				SDKROOT = watchos;
				SKIP_INSTALL = YES;
				SWIFT_EMIT_LOC_STRINGS = YES;
				SWIFT_VERSION = 5.0;
				TARGETED_DEVICE_FAMILY = 4;
				VALIDATE_PRODUCT = YES;
				WATCHOS_DEPLOYMENT_TARGET = 10.0;
			};
			name = Release;
		};
		FA7ECAA32D1B6F2900C23B32 /* Debug */ = {
			isa = XCBuildConfiguration;
			buildSettings = {
				ALWAYS_SEARCH_USER_PATHS = NO;
				ASSETCATALOG_COMPILER_GENERATE_SWIFT_ASSET_SYMBOL_EXTENSIONS = YES;
				CLANG_ANALYZER_NONNULL = YES;
				CLANG_ANALYZER_NUMBER_OBJECT_CONVERSION = YES_AGGRESSIVE;
				CLANG_CXX_LANGUAGE_STANDARD = "gnu++20";
				CLANG_ENABLE_MODULES = YES;
				CLANG_ENABLE_OBJC_ARC = YES;
				CLANG_ENABLE_OBJC_WEAK = YES;
				CLANG_WARN_BLOCK_CAPTURE_AUTORELEASING = YES;
				CLANG_WARN_BOOL_CONVERSION = YES;
				CLANG_WARN_COMMA = YES;
				CLANG_WARN_CONSTANT_CONVERSION = YES;
				CLANG_WARN_DEPRECATED_OBJC_IMPLEMENTATIONS = YES;
				CLANG_WARN_DIRECT_OBJC_ISA_USAGE = YES_ERROR;
				CLANG_WARN_DOCUMENTATION_COMMENTS = YES;
				CLANG_WARN_EMPTY_BODY = YES;
				CLANG_WARN_ENUM_CONVERSION = YES;
				CLANG_WARN_INFINITE_RECURSION = YES;
				CLANG_WARN_INT_CONVERSION = YES;
				CLANG_WARN_NON_LITERAL_NULL_CONVERSION = YES;
				CLANG_WARN_OBJC_IMPLICIT_RETAIN_SELF = YES;
				CLANG_WARN_OBJC_LITERAL_CONVERSION = YES;
				CLANG_WARN_OBJC_ROOT_CLASS = YES_ERROR;
				CLANG_WARN_QUOTED_INCLUDE_IN_FRAMEWORK_HEADER = YES;
				CLANG_WARN_RANGE_LOOP_ANALYSIS = YES;
				CLANG_WARN_STRICT_PROTOTYPES = YES;
				CLANG_WARN_SUSPICIOUS_MOVE = YES;
				CLANG_WARN_UNGUARDED_AVAILABILITY = YES_AGGRESSIVE;
				CLANG_WARN_UNREACHABLE_CODE = YES;
				CLANG_WARN__DUPLICATE_METHOD_MATCH = YES;
				COPY_PHASE_STRIP = NO;
				DEBUG_INFORMATION_FORMAT = dwarf;
				ENABLE_STRICT_OBJC_MSGSEND = YES;
				ENABLE_TESTABILITY = YES;
				ENABLE_USER_SCRIPT_SANDBOXING = YES;
				GCC_C_LANGUAGE_STANDARD = gnu17;
				GCC_DYNAMIC_NO_PIC = NO;
				GCC_NO_COMMON_BLOCKS = YES;
				GCC_OPTIMIZATION_LEVEL = 0;
				GCC_PREPROCESSOR_DEFINITIONS = (
					"DEBUG=1",
					"$(inherited)",
				);
				GCC_WARN_64_TO_32_BIT_CONVERSION = YES;
				GCC_WARN_ABOUT_RETURN_TYPE = YES_ERROR;
				GCC_WARN_UNDECLARED_SELECTOR = YES;
				GCC_WARN_UNINITIALIZED_AUTOS = YES_AGGRESSIVE;
				GCC_WARN_UNUSED_FUNCTION = YES;
				GCC_WARN_UNUSED_VARIABLE = YES;
				LOCALIZATION_PREFERS_STRING_CATALOGS = YES;
				MTL_ENABLE_DEBUG_INFO = INCLUDE_SOURCE;
				MTL_FAST_MATH = YES;
				ONLY_ACTIVE_ARCH = YES;
				SWIFT_ACTIVE_COMPILATION_CONDITIONS = "DEBUG $(inherited)";
				SWIFT_OPTIMIZATION_LEVEL = "-Onone";
			};
			name = Debug;
		};
		FA7ECAA42D1B6F2900C23B32 /* Release */ = {
			isa = XCBuildConfiguration;
			buildSettings = {
				ALWAYS_SEARCH_USER_PATHS = NO;
				ASSETCATALOG_COMPILER_GENERATE_SWIFT_ASSET_SYMBOL_EXTENSIONS = YES;
				CLANG_ANALYZER_NONNULL = YES;
				CLANG_ANALYZER_NUMBER_OBJECT_CONVERSION = YES_AGGRESSIVE;
				CLANG_CXX_LANGUAGE_STANDARD = "gnu++20";
				CLANG_ENABLE_MODULES = YES;
				CLANG_ENABLE_OBJC_ARC = YES;
				CLANG_ENABLE_OBJC_WEAK = YES;
				CLANG_WARN_BLOCK_CAPTURE_AUTORELEASING = YES;
				CLANG_WARN_BOOL_CONVERSION = YES;
				CLANG_WARN_COMMA = YES;
				CLANG_WARN_CONSTANT_CONVERSION = YES;
				CLANG_WARN_DEPRECATED_OBJC_IMPLEMENTATIONS = YES;
				CLANG_WARN_DIRECT_OBJC_ISA_USAGE = YES_ERROR;
				CLANG_WARN_DOCUMENTATION_COMMENTS = YES;
				CLANG_WARN_EMPTY_BODY = YES;
				CLANG_WARN_ENUM_CONVERSION = YES;
				CLANG_WARN_INFINITE_RECURSION = YES;
				CLANG_WARN_INT_CONVERSION = YES;
				CLANG_WARN_NON_LITERAL_NULL_CONVERSION = YES;
				CLANG_WARN_OBJC_IMPLICIT_RETAIN_SELF = YES;
				CLANG_WARN_OBJC_LITERAL_CONVERSION = YES;
				CLANG_WARN_OBJC_ROOT_CLASS = YES_ERROR;
				CLANG_WARN_QUOTED_INCLUDE_IN_FRAMEWORK_HEADER = YES;
				CLANG_WARN_RANGE_LOOP_ANALYSIS = YES;
				CLANG_WARN_STRICT_PROTOTYPES = YES;
				CLANG_WARN_SUSPICIOUS_MOVE = YES;
				CLANG_WARN_UNGUARDED_AVAILABILITY = YES_AGGRESSIVE;
				CLANG_WARN_UNREACHABLE_CODE = YES;
				CLANG_WARN__DUPLICATE_METHOD_MATCH = YES;
				COPY_PHASE_STRIP = NO;
				DEBUG_INFORMATION_FORMAT = "dwarf-with-dsym";
				ENABLE_NS_ASSERTIONS = NO;
				ENABLE_STRICT_OBJC_MSGSEND = YES;
				ENABLE_USER_SCRIPT_SANDBOXING = YES;
				GCC_C_LANGUAGE_STANDARD = gnu17;
				GCC_NO_COMMON_BLOCKS = YES;
				GCC_WARN_64_TO_32_BIT_CONVERSION = YES;
				GCC_WARN_ABOUT_RETURN_TYPE = YES_ERROR;
				GCC_WARN_UNDECLARED_SELECTOR = YES;
				GCC_WARN_UNINITIALIZED_AUTOS = YES_AGGRESSIVE;
				GCC_WARN_UNUSED_FUNCTION = YES;
				GCC_WARN_UNUSED_VARIABLE = YES;
				LOCALIZATION_PREFERS_STRING_CATALOGS = YES;
				MTL_ENABLE_DEBUG_INFO = NO;
				MTL_FAST_MATH = YES;
				SWIFT_COMPILATION_MODE = wholemodule;
			};
			name = Release;
		};
		FAB08DD72D1CBE1600FA41D7 /* Debug */ = {
			isa = XCBuildConfiguration;
			buildSettings = {
				ASSETCATALOG_COMPILER_APPICON_NAME = AppIcon;
				ASSETCATALOG_COMPILER_GLOBAL_ACCENT_COLOR_NAME = AccentColor;
				CODE_SIGN_STYLE = Automatic;
				CURRENT_PROJECT_VERSION = 1;
				DEVELOPMENT_ASSET_PATHS = "\"WhatWeekOnTUKE/Preview Content\"";
				DEVELOPMENT_TEAM = YFHPJRC572;
				ENABLE_PREVIEWS = YES;
				GENERATE_INFOPLIST_FILE = YES;
				INFOPLIST_FILE = WhatWeekOnTUKE/Info.plist;
				INFOPLIST_KEY_UIApplicationSceneManifest_Generation = YES;
				INFOPLIST_KEY_UIApplicationSupportsIndirectInputEvents = YES;
				INFOPLIST_KEY_UILaunchScreen_Generation = YES;
				INFOPLIST_KEY_UISupportedInterfaceOrientations_iPad = "UIInterfaceOrientationPortrait UIInterfaceOrientationPortraitUpsideDown UIInterfaceOrientationLandscapeLeft UIInterfaceOrientationLandscapeRight";
				INFOPLIST_KEY_UISupportedInterfaceOrientations_iPhone = "UIInterfaceOrientationPortrait UIInterfaceOrientationLandscapeLeft UIInterfaceOrientationLandscapeRight";
				IPHONEOS_DEPLOYMENT_TARGET = 17.0;
				LD_RUNPATH_SEARCH_PATHS = (
					"$(inherited)",
					"@executable_path/Frameworks",
				);
				MARKETING_VERSION = 1.0;
				PRODUCT_BUNDLE_IDENTIFIER = Argon.WhatWeekOnTUKE;
				PRODUCT_NAME = "$(TARGET_NAME)";
				SDKROOT = iphoneos;
				SWIFT_EMIT_LOC_STRINGS = YES;
				SWIFT_VERSION = 5.0;
				TARGETED_DEVICE_FAMILY = "1,2";
			};
			name = Debug;
		};
		FAB08DD82D1CBE1600FA41D7 /* Release */ = {
			isa = XCBuildConfiguration;
			buildSettings = {
				ASSETCATALOG_COMPILER_APPICON_NAME = AppIcon;
				ASSETCATALOG_COMPILER_GLOBAL_ACCENT_COLOR_NAME = AccentColor;
				CODE_SIGN_STYLE = Automatic;
				CURRENT_PROJECT_VERSION = 1;
				DEVELOPMENT_ASSET_PATHS = "\"WhatWeekOnTUKE/Preview Content\"";
				DEVELOPMENT_TEAM = YFHPJRC572;
				ENABLE_PREVIEWS = YES;
				GENERATE_INFOPLIST_FILE = YES;
				INFOPLIST_FILE = WhatWeekOnTUKE/Info.plist;
				INFOPLIST_KEY_UIApplicationSceneManifest_Generation = YES;
				INFOPLIST_KEY_UIApplicationSupportsIndirectInputEvents = YES;
				INFOPLIST_KEY_UILaunchScreen_Generation = YES;
				INFOPLIST_KEY_UISupportedInterfaceOrientations_iPad = "UIInterfaceOrientationPortrait UIInterfaceOrientationPortraitUpsideDown UIInterfaceOrientationLandscapeLeft UIInterfaceOrientationLandscapeRight";
				INFOPLIST_KEY_UISupportedInterfaceOrientations_iPhone = "UIInterfaceOrientationPortrait UIInterfaceOrientationLandscapeLeft UIInterfaceOrientationLandscapeRight";
				IPHONEOS_DEPLOYMENT_TARGET = 17.0;
				LD_RUNPATH_SEARCH_PATHS = (
					"$(inherited)",
					"@executable_path/Frameworks",
				);
				MARKETING_VERSION = 1.0;
				PRODUCT_BUNDLE_IDENTIFIER = Argon.WhatWeekOnTUKE;
				PRODUCT_NAME = "$(TARGET_NAME)";
				SDKROOT = iphoneos;
				SWIFT_EMIT_LOC_STRINGS = YES;
				SWIFT_VERSION = 5.0;
				TARGETED_DEVICE_FAMILY = "1,2";
				VALIDATE_PRODUCT = YES;
			};
			name = Release;
		};
/* End XCBuildConfiguration section */

/* Begin XCConfigurationList section */
		FA26D2772D1CBA6500A29D3C /* Build configuration list for PBXNativeTarget "WhatWeekOnTUKE Watch App" */ = {
			isa = XCConfigurationList;
			buildConfigurations = (
				FA26D2782D1CBA6500A29D3C /* Debug */,
				FA26D2792D1CBA6500A29D3C /* Release */,
			);
			defaultConfigurationIsVisible = 0;
			defaultConfigurationName = Release;
		};
		FA7ECA912D1B6F2800C23B32 /* Build configuration list for PBXProject "WhatWeekOnTUKE" */ = {
			isa = XCConfigurationList;
			buildConfigurations = (
				FA7ECAA32D1B6F2900C23B32 /* Debug */,
				FA7ECAA42D1B6F2900C23B32 /* Release */,
			);
			defaultConfigurationIsVisible = 0;
			defaultConfigurationName = Release;
		};
		FAB08DD62D1CBE1600FA41D7 /* Build configuration list for PBXNativeTarget "WhatWeekOnTUKE" */ = {
			isa = XCConfigurationList;
			buildConfigurations = (
				FAB08DD72D1CBE1600FA41D7 /* Debug */,
				FAB08DD82D1CBE1600FA41D7 /* Release */,
			);
			defaultConfigurationIsVisible = 0;
			defaultConfigurationName = Release;
		};
/* End XCConfigurationList section */

/* Begin XCSwiftPackageProductDependency section */
		FAB08DBC2D1CBB5D00FA41D7 /* AppCore */ = {
			isa = XCSwiftPackageProductDependency;
			productName = AppCore;
		};
		FAB08DBE2D1CBB6300FA41D7 /* AppCore */ = {
			isa = XCSwiftPackageProductDependency;
			productName = AppCore;
		};
		FAB08DD92D1CBE2400FA41D7 /* AppCore */ = {
			isa = XCSwiftPackageProductDependency;
			productName = AppCore;
		};
		FAB08DDB2D1CBE2900FA41D7 /* AppCore */ = {
			isa = XCSwiftPackageProductDependency;
			productName = AppCore;
		};
/* End XCSwiftPackageProductDependency section */
	};
	rootObject = FA7ECA8E2D1B6F2800C23B32 /* Project object */;
}
